
Microsoft Visual Studio Solution File, Format Version 12.00
# Visual Studio Version 17
VisualStudioVersion = 17.2.32630.192
MinimumVisualStudioVersion = 10.0.40219.1
Project("{9A19103F-16F7-4668-BE54-9A1E7A4F7556}") = "R5T.S0085", "R5T.S0085\R5T.S0085.csproj", "{3D846904-D4AE-4857-8C04-EF6160468462}"
EndProject
Project("{2150E333-8FDC-42A3-9474-1A3956D46DE8}") = "_Dependencies", "_Dependencies", "{D5E201A1-1CCA-497A-8DAB-0854B6D40927}"
EndProject
Project("{9A19103F-16F7-4668-BE54-9A1E7A4F7556}") = "R5T.F0000", "..\..\R5T.F0000\source\R5T.F0000\R5T.F0000.csproj", "{182ADD16-E0EB-461B-A626-B89D653C15C3}"
EndProject
Project("{9A19103F-16F7-4668-BE54-9A1E7A4F7556}") = "R5T.F0002", "..\..\R5T.F0002\source\R5T.F0002\R5T.F0002.csproj", "{311FDAC2-938F-4BD8-B526-71B4CA7DAA73}"
EndProject
Project("{9A19103F-16F7-4668-BE54-9A1E7A4F7556}") = "R5T.F0120", "..\..\R5T.F0120\source\R5T.F0120\R5T.F0120.csproj", "{9E6B8994-7A7C-49F1-BE92-C9597E62721F}"
EndProject
Project("{9A19103F-16F7-4668-BE54-9A1E7A4F7556}") = "R5T.F0124", "..\..\R5T.F0124\source\R5T.F0124\R5T.F0124.csproj", "{620F7B1A-77AA-48C8-B397-505D776525C9}"
EndProject
Project("{9A19103F-16F7-4668-BE54-9A1E7A4F7556}") = "R5T.F0125", "..\..\R5T.F0125\source\R5T.F0125\R5T.F0125.csproj", "{47FE5FE8-91B9-4C78-A6FB-34DFE8B98524}"
EndProject
Project("{9A19103F-16F7-4668-BE54-9A1E7A4F7556}") = "R5T.F0138", "..\..\R5T.F0138\source\R5T.F0138\R5T.F0138.csproj", "{26AE697E-C519-415F-B2AE-DCAD2C5B641C}"
EndProject
Project("{9A19103F-16F7-4668-BE54-9A1E7A4F7556}") = "R5T.L0030.T000", "..\..\R5T.L0030\source\R5T.L0030.T000\R5T.L0030.T000.csproj", "{C516AE39-B0BE-4993-9C05-8F17D10CA283}"
EndProject
Project("{9A19103F-16F7-4668-BE54-9A1E7A4F7556}") = "R5T.L0030", "..\..\R5T.L0030\source\R5T.L0030\R5T.L0030.csproj", "{C1084A49-9136-4B92-8FA1-03C6572C1B6D}"
EndProject
Project("{9A19103F-16F7-4668-BE54-9A1E7A4F7556}") = "R5T.L0034", "..\..\R5T.L0034\source\R5T.L0034\R5T.L0034.csproj", "{519D44CE-6248-47C4-8634-E4B49BB07485}"
EndProject
Project("{9A19103F-16F7-4668-BE54-9A1E7A4F7556}") = "R5T.L0035", "..\..\R5T.L0035\source\R5T.L0035\R5T.L0035.csproj", "{9B65A5C3-1EF1-474E-94EC-A6DA6C67DA07}"
EndProject
Project("{9A19103F-16F7-4668-BE54-9A1E7A4F7556}") = "R5T.NG0022", "..\..\R5T.NG0022\source\R5T.NG0022\R5T.NG0022.csproj", "{6899EAAE-AFB8-48FB-92F3-97FED23E4DB0}"
EndProject
Project("{9A19103F-16F7-4668-BE54-9A1E7A4F7556}") = "R5T.T0131", "..\..\R5T.T0131\source\R5T.T0131\R5T.T0131.csproj", "{5D47D9BC-5ADA-4533-91EF-236B1A909D7C}"
EndProject
Project("{9A19103F-16F7-4668-BE54-9A1E7A4F7556}") = "R5T.T0132", "..\..\R5T.T0132\source\R5T.T0132\R5T.T0132.csproj", "{94C8E1A4-D52B-4AD8-8FBA-AFED93A50A5D}"
EndProject
Project("{9A19103F-16F7-4668-BE54-9A1E7A4F7556}") = "R5T.T0142", "..\..\R5T.T0142\source\R5T.T0142\R5T.T0142.csproj", "{9CDEDCCD-E694-4F5C-8AA2-B1B9F55777CD}"
EndProject
Project("{9A19103F-16F7-4668-BE54-9A1E7A4F7556}") = "R5T.T0143", "..\..\R5T.T0143\source\R5T.T0143\R5T.T0143.csproj", "{020DE896-AC06-434F-8A7B-CF50CB1715DF}"
EndProject
Project("{9A19103F-16F7-4668-BE54-9A1E7A4F7556}") = "R5T.T0156", "..\..\R5T.T0156\source\R5T.T0156\R5T.T0156.csproj", "{072B3891-3B8E-4E26-9312-B407E032DEA0}"
EndProject
Project("{9A19103F-16F7-4668-BE54-9A1E7A4F7556}") = "R5T.T0174", "..\..\R5T.T0174\source\R5T.T0174\R5T.T0174.csproj", "{B7105A85-0A20-46B0-8917-1E443847C557}"
EndProject
Project("{9A19103F-16F7-4668-BE54-9A1E7A4F7556}") = "R5T.T0176", "..\..\R5T.T0176\source\R5T.T0176\R5T.T0176.csproj", "{5DAF1591-6659-46CB-8AB2-9CF85EB8A761}"
EndProject
Project("{9A19103F-16F7-4668-BE54-9A1E7A4F7556}") = "R5T.T0177", "..\..\R5T.T0177\source\R5T.T0177\R5T.T0177.csproj", "{51BFA612-3BD4-4406-ACA1-CA71AE3FBD9C}"
EndProject
Project("{9A19103F-16F7-4668-BE54-9A1E7A4F7556}") = "R5T.T0178", "..\..\R5T.T0178\source\R5T.T0178\R5T.T0178.csproj", "{16C268F6-7E71-49C1-BAA0-21CD2718DACB}"
EndProject
Project("{9A19103F-16F7-4668-BE54-9A1E7A4F7556}") = "R5T.T0179", "..\..\R5T.T0179\source\R5T.T0179\R5T.T0179.csproj", "{C8CB4240-0BDE-424C-B3C0-605D6644FB37}"
EndProject
Project("{9A19103F-16F7-4668-BE54-9A1E7A4F7556}") = "R5T.T0180", "..\..\R5T.T0180\source\R5T.T0180\R5T.T0180.csproj", "{DA0D22F5-4D43-42DF-B18B-C2418CDB1C5C}"
EndProject
Project("{9A19103F-16F7-4668-BE54-9A1E7A4F7556}") = "R5T.T0181", "..\..\R5T.T0181\source\R5T.T0181\R5T.T0181.csproj", "{C4D55193-A99B-4A28-AC00-241CD0B5A028}"
EndProject
Project("{9A19103F-16F7-4668-BE54-9A1E7A4F7556}") = "R5T.T0185", "..\..\R5T.T0185\source\R5T.T0185\R5T.T0185.csproj", "{CCA0398C-FEDC-4A80-8876-21E5C873B0A6}"
EndProject
Project("{9A19103F-16F7-4668-BE54-9A1E7A4F7556}") = "R5T.T0203", "..\..\R5T.T0203\source\R5T.T0203\R5T.T0203.csproj", "{84D4444F-FF09-46AF-A400-64A5EE511EBA}"
EndProject
Project("{9A19103F-16F7-4668-BE54-9A1E7A4F7556}") = "R5T.T0214.Z001", "..\..\R5T.T0214\source\R5T.T0214.Z001\R5T.T0214.Z001.csproj", "{CD904EDD-ACBD-4FEE-B4A9-BC4DE1AFD374}"
EndProject
Project("{9A19103F-16F7-4668-BE54-9A1E7A4F7556}") = "R5T.T0214", "..\..\R5T.T0214\source\R5T.T0214\R5T.T0214.csproj", "{4760CEA8-B494-48B2-964F-6F4DA1455001}"
EndProject
Project("{9A19103F-16F7-4668-BE54-9A1E7A4F7556}") = "R5T.T0215.Z000", "..\..\R5T.T0215\source\R5T.T0215.Z000\R5T.T0215.Z000.csproj", "{94BE4E7D-0121-4FFF-8536-E41DA3E5F78F}"
EndProject
Project("{9A19103F-16F7-4668-BE54-9A1E7A4F7556}") = "R5T.T0215", "..\..\R5T.T0215\source\R5T.T0215\R5T.T0215.csproj", "{B7358966-C54B-4F0E-B601-BCBCF2938D2C}"
EndProject
Project("{9A19103F-16F7-4668-BE54-9A1E7A4F7556}") = "R5T.T0216.F001", "..\..\R5T.T0216\source\R5T.T0216.F001\R5T.T0216.F001.csproj", "{E62D7B79-A067-40F5-928E-B6926950C761}"
EndProject
Project("{9A19103F-16F7-4668-BE54-9A1E7A4F7556}") = "R5T.T0216", "..\..\R5T.T0216\source\R5T.T0216\R5T.T0216.csproj", "{0366A0D0-0834-4DD2-BA3A-EB67B4975A47}"
EndProject
Project("{9A19103F-16F7-4668-BE54-9A1E7A4F7556}") = "R5T.T0217.F001", "..\..\R5T.T0217\source\R5T.T0217.F001\R5T.T0217.F001.csproj", "{3EA63756-6B3D-4409-A13B-12394AD32631}"
EndProject
Project("{9A19103F-16F7-4668-BE54-9A1E7A4F7556}") = "R5T.T0217", "..\..\R5T.T0217\source\R5T.T0217\R5T.T0217.csproj", "{3541AD11-A1B2-4CFE-9FB5-A57B947579CF}"
EndProject
Project("{9A19103F-16F7-4668-BE54-9A1E7A4F7556}") = "R5T.T0218", "..\..\R5T.T0218\source\R5T.T0218\R5T.T0218.csproj", "{9EAD7026-36BD-4244-99A7-F06851F8E92A}"
EndProject
Project("{9A19103F-16F7-4668-BE54-9A1E7A4F7556}") = "R5T.Y0000", "..\..\R5T.Y0000\source\R5T.Y0000\R5T.Y0000.csproj", "{50634CEC-39D1-4980-85C2-A5B32DDCCA29}"
EndProject
Project("{9A19103F-16F7-4668-BE54-9A1E7A4F7556}") = "R5T.Z0000", "..\..\R5T.Z0000\source\R5T.Z0000\R5T.Z0000.csproj", "{C0E28039-E535-47C4-BD83-F2B2A6D49DF5}"
EndProject
Project("{9A19103F-16F7-4668-BE54-9A1E7A4F7556}") = "R5T.T0141", "..\..\R5T.T0141\source\R5T.T0141\R5T.T0141.csproj", "{D9C21590-7D0C-4AF1-BFCF-672A4D6AACC5}"
EndProject
Project("{9A19103F-16F7-4668-BE54-9A1E7A4F7556}") = "R5T.T0219", "..\..\R5T.T0219\source\R5T.T0219\R5T.T0219.csproj", "{8E3654F9-BB35-4006-B95A-31026D70FF20}"
EndProject
Project("{9A19103F-16F7-4668-BE54-9A1E7A4F7556}") = "R5T.Z0058", "..\..\R5T.Z0058\source\R5T.Z0058\R5T.Z0058.csproj", "{32DEA565-CEE2-40DE-A0EB-F9FB4524513C}"
EndProject
Project("{9A19103F-16F7-4668-BE54-9A1E7A4F7556}") = "R5T.Z0057", "..\..\R5T.Z0057\source\R5T.Z0057\R5T.Z0057.csproj", "{1EAEA73C-7175-44EC-8A39-5A4738E91DFA}"
EndProject
Project("{9A19103F-16F7-4668-BE54-9A1E7A4F7556}") = "R5T.F0139", "..\..\R5T.F0139\source\R5T.F0139\R5T.F0139.csproj", "{2E56423D-0139-4EFF-A09B-289A4231045D}"
EndProject
Project("{9A19103F-16F7-4668-BE54-9A1E7A4F7556}") = "R5T.F0140", "..\..\R5T.F0140\source\R5T.F0140\R5T.F0140.csproj", "{D59018BA-7C9A-4B0E-A8F8-E329EC4F166B}"
EndProject
Project("{9A19103F-16F7-4668-BE54-9A1E7A4F7556}") = "R5T.T0150", "..\..\R5T.T0150\source\R5T.T0150\R5T.T0150.csproj", "{2B9840E6-C14D-479A-A922-A264150906BC}"
EndProject
Project("{9A19103F-16F7-4668-BE54-9A1E7A4F7556}") = "R5T.T0151", "..\..\R5T.T0151\source\R5T.T0151\R5T.T0151.csproj", "{0E04DC74-E5FC-43A3-85CB-8FEC5739C2B1}"
EndProject
Project("{9A19103F-16F7-4668-BE54-9A1E7A4F7556}") = "R5T.T0172", "..\..\R5T.T0172\source\R5T.T0172\R5T.T0172.csproj", "{7F35F8C7-7053-4668-A079-3FD990F42E61}"
EndProject
Project("{9A19103F-16F7-4668-BE54-9A1E7A4F7556}") = "R5T.Z0044.Z000", "..\..\R5T.Z0044\source\R5T.Z0044.Z000\R5T.Z0044.Z000.csproj", "{E7881C58-9FEA-478F-B73A-748F521E130B}"
EndProject
Global
	GlobalSection(NestedProjects) = preSolution
		{182ADD16-E0EB-461B-A626-B89D653C15C3} = {D5E201A1-1CCA-497A-8DAB-0854B6D40927}
		{311FDAC2-938F-4BD8-B526-71B4CA7DAA73} = {D5E201A1-1CCA-497A-8DAB-0854B6D40927}
		{9E6B8994-7A7C-49F1-BE92-C9597E62721F} = {D5E201A1-1CCA-497A-8DAB-0854B6D40927}
		{620F7B1A-77AA-48C8-B397-505D776525C9} = {D5E201A1-1CCA-497A-8DAB-0854B6D40927}
		{47FE5FE8-91B9-4C78-A6FB-34DFE8B98524} = {D5E201A1-1CCA-497A-8DAB-0854B6D40927}
		{26AE697E-C519-415F-B2AE-DCAD2C5B641C} = {D5E201A1-1CCA-497A-8DAB-0854B6D40927}
		{C516AE39-B0BE-4993-9C05-8F17D10CA283} = {D5E201A1-1CCA-497A-8DAB-0854B6D40927}
		{C1084A49-9136-4B92-8FA1-03C6572C1B6D} = {D5E201A1-1CCA-497A-8DAB-0854B6D40927}
		{519D44CE-6248-47C4-8634-E4B49BB07485} = {D5E201A1-1CCA-497A-8DAB-0854B6D40927}
		{9B65A5C3-1EF1-474E-94EC-A6DA6C67DA07} = {D5E201A1-1CCA-497A-8DAB-0854B6D40927}
		{6899EAAE-AFB8-48FB-92F3-97FED23E4DB0} = {D5E201A1-1CCA-497A-8DAB-0854B6D40927}
		{5D47D9BC-5ADA-4533-91EF-236B1A909D7C} = {D5E201A1-1CCA-497A-8DAB-0854B6D40927}
		{94C8E1A4-D52B-4AD8-8FBA-AFED93A50A5D} = {D5E201A1-1CCA-497A-8DAB-0854B6D40927}
		{9CDEDCCD-E694-4F5C-8AA2-B1B9F55777CD} = {D5E201A1-1CCA-497A-8DAB-0854B6D40927}
		{020DE896-AC06-434F-8A7B-CF50CB1715DF} = {D5E201A1-1CCA-497A-8DAB-0854B6D40927}
		{072B3891-3B8E-4E26-9312-B407E032DEA0} = {D5E201A1-1CCA-497A-8DAB-0854B6D40927}
		{B7105A85-0A20-46B0-8917-1E443847C557} = {D5E201A1-1CCA-497A-8DAB-0854B6D40927}
		{5DAF1591-6659-46CB-8AB2-9CF85EB8A761} = {D5E201A1-1CCA-497A-8DAB-0854B6D40927}
		{51BFA612-3BD4-4406-ACA1-CA71AE3FBD9C} = {D5E201A1-1CCA-497A-8DAB-0854B6D40927}
		{16C268F6-7E71-49C1-BAA0-21CD2718DACB} = {D5E201A1-1CCA-497A-8DAB-0854B6D40927}
		{C8CB4240-0BDE-424C-B3C0-605D6644FB37} = {D5E201A1-1CCA-497A-8DAB-0854B6D40927}
		{DA0D22F5-4D43-42DF-B18B-C2418CDB1C5C} = {D5E201A1-1CCA-497A-8DAB-0854B6D40927}
		{C4D55193-A99B-4A28-AC00-241CD0B5A028} = {D5E201A1-1CCA-497A-8DAB-0854B6D40927}
		{CCA0398C-FEDC-4A80-8876-21E5C873B0A6} = {D5E201A1-1CCA-497A-8DAB-0854B6D40927}
		{84D4444F-FF09-46AF-A400-64A5EE511EBA} = {D5E201A1-1CCA-497A-8DAB-0854B6D40927}
		{CD904EDD-ACBD-4FEE-B4A9-BC4DE1AFD374} = {D5E201A1-1CCA-497A-8DAB-0854B6D40927}
		{4760CEA8-B494-48B2-964F-6F4DA1455001} = {D5E201A1-1CCA-497A-8DAB-0854B6D40927}
		{94BE4E7D-0121-4FFF-8536-E41DA3E5F78F} = {D5E201A1-1CCA-497A-8DAB-0854B6D40927}
		{B7358966-C54B-4F0E-B601-BCBCF2938D2C} = {D5E201A1-1CCA-497A-8DAB-0854B6D40927}
		{E62D7B79-A067-40F5-928E-B6926950C761} = {D5E201A1-1CCA-497A-8DAB-0854B6D40927}
		{0366A0D0-0834-4DD2-BA3A-EB67B4975A47} = {D5E201A1-1CCA-497A-8DAB-0854B6D40927}
		{3EA63756-6B3D-4409-A13B-12394AD32631} = {D5E201A1-1CCA-497A-8DAB-0854B6D40927}
		{3541AD11-A1B2-4CFE-9FB5-A57B947579CF} = {D5E201A1-1CCA-497A-8DAB-0854B6D40927}
		{9EAD7026-36BD-4244-99A7-F06851F8E92A} = {D5E201A1-1CCA-497A-8DAB-0854B6D40927}
		{50634CEC-39D1-4980-85C2-A5B32DDCCA29} = {D5E201A1-1CCA-497A-8DAB-0854B6D40927}
		{C0E28039-E535-47C4-BD83-F2B2A6D49DF5} = {D5E201A1-1CCA-497A-8DAB-0854B6D40927}
		{D9C21590-7D0C-4AF1-BFCF-672A4D6AACC5} = {D5E201A1-1CCA-497A-8DAB-0854B6D40927}
		{8E3654F9-BB35-4006-B95A-31026D70FF20} = {D5E201A1-1CCA-497A-8DAB-0854B6D40927}
		{32DEA565-CEE2-40DE-A0EB-F9FB4524513C} = {D5E201A1-1CCA-497A-8DAB-0854B6D40927}
		{1EAEA73C-7175-44EC-8A39-5A4738E91DFA} = {D5E201A1-1CCA-497A-8DAB-0854B6D40927}
		{2E56423D-0139-4EFF-A09B-289A4231045D} = {D5E201A1-1CCA-497A-8DAB-0854B6D40927}
		{D59018BA-7C9A-4B0E-A8F8-E329EC4F166B} = {D5E201A1-1CCA-497A-8DAB-0854B6D40927}
		{2B9840E6-C14D-479A-A922-A264150906BC} = {D5E201A1-1CCA-497A-8DAB-0854B6D40927}
		{0E04DC74-E5FC-43A3-85CB-8FEC5739C2B1} = {D5E201A1-1CCA-497A-8DAB-0854B6D40927}
		{7F35F8C7-7053-4668-A079-3FD990F42E61} = {D5E201A1-1CCA-497A-8DAB-0854B6D40927}
		{E7881C58-9FEA-478F-B73A-748F521E130B} = {D5E201A1-1CCA-497A-8DAB-0854B6D40927}
	EndGlobalSection
	GlobalSection(SolutionConfigurationPlatforms) = preSolution
		Debug|Any CPU = Debug|Any CPU
		Release|Any CPU = Release|Any CPU
	EndGlobalSection
	GlobalSection(ProjectConfigurationPlatforms) = postSolution
		{3D846904-D4AE-4857-8C04-EF6160468462}.Debug|Any CPU.ActiveCfg = Debug|Any CPU
		{3D846904-D4AE-4857-8C04-EF6160468462}.Debug|Any CPU.Build.0 = Debug|Any CPU
		{3D846904-D4AE-4857-8C04-EF6160468462}.Release|Any CPU.ActiveCfg = Release|Any CPU
		{3D846904-D4AE-4857-8C04-EF6160468462}.Release|Any CPU.Build.0 = Release|Any CPU
		{182ADD16-E0EB-461B-A626-B89D653C15C3}.Debug|Any CPU.ActiveCfg = Debug|Any CPU
		{182ADD16-E0EB-461B-A626-B89D653C15C3}.Debug|Any CPU.Build.0 = Debug|Any CPU
		{182ADD16-E0EB-461B-A626-B89D653C15C3}.Release|Any CPU.ActiveCfg = Release|Any CPU
		{182ADD16-E0EB-461B-A626-B89D653C15C3}.Release|Any CPU.Build.0 = Release|Any CPU
		{311FDAC2-938F-4BD8-B526-71B4CA7DAA73}.Debug|Any CPU.ActiveCfg = Debug|Any CPU
		{311FDAC2-938F-4BD8-B526-71B4CA7DAA73}.Debug|Any CPU.Build.0 = Debug|Any CPU
		{311FDAC2-938F-4BD8-B526-71B4CA7DAA73}.Release|Any CPU.ActiveCfg = Release|Any CPU
		{311FDAC2-938F-4BD8-B526-71B4CA7DAA73}.Release|Any CPU.Build.0 = Release|Any CPU
		{9E6B8994-7A7C-49F1-BE92-C9597E62721F}.Debug|Any CPU.ActiveCfg = Debug|Any CPU
		{9E6B8994-7A7C-49F1-BE92-C9597E62721F}.Debug|Any CPU.Build.0 = Debug|Any CPU
		{9E6B8994-7A7C-49F1-BE92-C9597E62721F}.Release|Any CPU.ActiveCfg = Release|Any CPU
		{9E6B8994-7A7C-49F1-BE92-C9597E62721F}.Release|Any CPU.Build.0 = Release|Any CPU
		{620F7B1A-77AA-48C8-B397-505D776525C9}.Debug|Any CPU.ActiveCfg = Debug|Any CPU
		{620F7B1A-77AA-48C8-B397-505D776525C9}.Debug|Any CPU.Build.0 = Debug|Any CPU
		{620F7B1A-77AA-48C8-B397-505D776525C9}.Release|Any CPU.ActiveCfg = Release|Any CPU
		{620F7B1A-77AA-48C8-B397-505D776525C9}.Release|Any CPU.Build.0 = Release|Any CPU
		{47FE5FE8-91B9-4C78-A6FB-34DFE8B98524}.Debug|Any CPU.ActiveCfg = Debug|Any CPU
		{47FE5FE8-91B9-4C78-A6FB-34DFE8B98524}.Debug|Any CPU.Build.0 = Debug|Any CPU
		{47FE5FE8-91B9-4C78-A6FB-34DFE8B98524}.Release|Any CPU.ActiveCfg = Release|Any CPU
		{47FE5FE8-91B9-4C78-A6FB-34DFE8B98524}.Release|Any CPU.Build.0 = Release|Any CPU
		{26AE697E-C519-415F-B2AE-DCAD2C5B641C}.Debug|Any CPU.ActiveCfg = Debug|Any CPU
		{26AE697E-C519-415F-B2AE-DCAD2C5B641C}.Debug|Any CPU.Build.0 = Debug|Any CPU
		{26AE697E-C519-415F-B2AE-DCAD2C5B641C}.Release|Any CPU.ActiveCfg = Release|Any CPU
		{26AE697E-C519-415F-B2AE-DCAD2C5B641C}.Release|Any CPU.Build.0 = Release|Any CPU
		{C516AE39-B0BE-4993-9C05-8F17D10CA283}.Debug|Any CPU.ActiveCfg = Debug|Any CPU
		{C516AE39-B0BE-4993-9C05-8F17D10CA283}.Debug|Any CPU.Build.0 = Debug|Any CPU
		{C516AE39-B0BE-4993-9C05-8F17D10CA283}.Release|Any CPU.ActiveCfg = Release|Any CPU
		{C516AE39-B0BE-4993-9C05-8F17D10CA283}.Release|Any CPU.Build.0 = Release|Any CPU
		{C1084A49-9136-4B92-8FA1-03C6572C1B6D}.Debug|Any CPU.ActiveCfg = Debug|Any CPU
		{C1084A49-9136-4B92-8FA1-03C6572C1B6D}.Debug|Any CPU.Build.0 = Debug|Any CPU
		{C1084A49-9136-4B92-8FA1-03C6572C1B6D}.Release|Any CPU.ActiveCfg = Release|Any CPU
		{C1084A49-9136-4B92-8FA1-03C6572C1B6D}.Release|Any CPU.Build.0 = Release|Any CPU
		{519D44CE-6248-47C4-8634-E4B49BB07485}.Debug|Any CPU.ActiveCfg = Debug|Any CPU
		{519D44CE-6248-47C4-8634-E4B49BB07485}.Debug|Any CPU.Build.0 = Debug|Any CPU
		{519D44CE-6248-47C4-8634-E4B49BB07485}.Release|Any CPU.ActiveCfg = Release|Any CPU
		{519D44CE-6248-47C4-8634-E4B49BB07485}.Release|Any CPU.Build.0 = Release|Any CPU
		{9B65A5C3-1EF1-474E-94EC-A6DA6C67DA07}.Debug|Any CPU.ActiveCfg = Debug|Any CPU
		{9B65A5C3-1EF1-474E-94EC-A6DA6C67DA07}.Debug|Any CPU.Build.0 = Debug|Any CPU
		{9B65A5C3-1EF1-474E-94EC-A6DA6C67DA07}.Release|Any CPU.ActiveCfg = Release|Any CPU
		{9B65A5C3-1EF1-474E-94EC-A6DA6C67DA07}.Release|Any CPU.Build.0 = Release|Any CPU
		{6899EAAE-AFB8-48FB-92F3-97FED23E4DB0}.Debug|Any CPU.ActiveCfg = Debug|Any CPU
		{6899EAAE-AFB8-48FB-92F3-97FED23E4DB0}.Debug|Any CPU.Build.0 = Debug|Any CPU
		{6899EAAE-AFB8-48FB-92F3-97FED23E4DB0}.Release|Any CPU.ActiveCfg = Release|Any CPU
		{6899EAAE-AFB8-48FB-92F3-97FED23E4DB0}.Release|Any CPU.Build.0 = Release|Any CPU
		{5D47D9BC-5ADA-4533-91EF-236B1A909D7C}.Debug|Any CPU.ActiveCfg = Debug|Any CPU
		{5D47D9BC-5ADA-4533-91EF-236B1A909D7C}.Debug|Any CPU.Build.0 = Debug|Any CPU
		{5D47D9BC-5ADA-4533-91EF-236B1A909D7C}.Release|Any CPU.ActiveCfg = Release|Any CPU
		{5D47D9BC-5ADA-4533-91EF-236B1A909D7C}.Release|Any CPU.Build.0 = Release|Any CPU
		{94C8E1A4-D52B-4AD8-8FBA-AFED93A50A5D}.Debug|Any CPU.ActiveCfg = Debug|Any CPU
		{94C8E1A4-D52B-4AD8-8FBA-AFED93A50A5D}.Debug|Any CPU.Build.0 = Debug|Any CPU
		{94C8E1A4-D52B-4AD8-8FBA-AFED93A50A5D}.Release|Any CPU.ActiveCfg = Release|Any CPU
		{94C8E1A4-D52B-4AD8-8FBA-AFED93A50A5D}.Release|Any CPU.Build.0 = Release|Any CPU
		{9CDEDCCD-E694-4F5C-8AA2-B1B9F55777CD}.Debug|Any CPU.ActiveCfg = Debug|Any CPU
		{9CDEDCCD-E694-4F5C-8AA2-B1B9F55777CD}.Debug|Any CPU.Build.0 = Debug|Any CPU
		{9CDEDCCD-E694-4F5C-8AA2-B1B9F55777CD}.Release|Any CPU.ActiveCfg = Release|Any CPU
		{9CDEDCCD-E694-4F5C-8AA2-B1B9F55777CD}.Release|Any CPU.Build.0 = Release|Any CPU
		{020DE896-AC06-434F-8A7B-CF50CB1715DF}.Debug|Any CPU.ActiveCfg = Debug|Any CPU
		{020DE896-AC06-434F-8A7B-CF50CB1715DF}.Debug|Any CPU.Build.0 = Debug|Any CPU
		{020DE896-AC06-434F-8A7B-CF50CB1715DF}.Release|Any CPU.ActiveCfg = Release|Any CPU
		{020DE896-AC06-434F-8A7B-CF50CB1715DF}.Release|Any CPU.Build.0 = Release|Any CPU
		{072B3891-3B8E-4E26-9312-B407E032DEA0}.Debug|Any CPU.ActiveCfg = Debug|Any CPU
		{072B3891-3B8E-4E26-9312-B407E032DEA0}.Debug|Any CPU.Build.0 = Debug|Any CPU
		{072B3891-3B8E-4E26-9312-B407E032DEA0}.Release|Any CPU.ActiveCfg = Release|Any CPU
		{072B3891-3B8E-4E26-9312-B407E032DEA0}.Release|Any CPU.Build.0 = Release|Any CPU
		{B7105A85-0A20-46B0-8917-1E443847C557}.Debug|Any CPU.ActiveCfg = Debug|Any CPU
		{B7105A85-0A20-46B0-8917-1E443847C557}.Debug|Any CPU.Build.0 = Debug|Any CPU
		{B7105A85-0A20-46B0-8917-1E443847C557}.Release|Any CPU.ActiveCfg = Release|Any CPU
		{B7105A85-0A20-46B0-8917-1E443847C557}.Release|Any CPU.Build.0 = Release|Any CPU
		{5DAF1591-6659-46CB-8AB2-9CF85EB8A761}.Debug|Any CPU.ActiveCfg = Debug|Any CPU
		{5DAF1591-6659-46CB-8AB2-9CF85EB8A761}.Debug|Any CPU.Build.0 = Debug|Any CPU
		{5DAF1591-6659-46CB-8AB2-9CF85EB8A761}.Release|Any CPU.ActiveCfg = Release|Any CPU
		{5DAF1591-6659-46CB-8AB2-9CF85EB8A761}.Release|Any CPU.Build.0 = Release|Any CPU
		{51BFA612-3BD4-4406-ACA1-CA71AE3FBD9C}.Debug|Any CPU.ActiveCfg = Debug|Any CPU
		{51BFA612-3BD4-4406-ACA1-CA71AE3FBD9C}.Debug|Any CPU.Build.0 = Debug|Any CPU
		{51BFA612-3BD4-4406-ACA1-CA71AE3FBD9C}.Release|Any CPU.ActiveCfg = Release|Any CPU
		{51BFA612-3BD4-4406-ACA1-CA71AE3FBD9C}.Release|Any CPU.Build.0 = Release|Any CPU
		{16C268F6-7E71-49C1-BAA0-21CD2718DACB}.Debug|Any CPU.ActiveCfg = Debug|Any CPU
		{16C268F6-7E71-49C1-BAA0-21CD2718DACB}.Debug|Any CPU.Build.0 = Debug|Any CPU
		{16C268F6-7E71-49C1-BAA0-21CD2718DACB}.Release|Any CPU.ActiveCfg = Release|Any CPU
		{16C268F6-7E71-49C1-BAA0-21CD2718DACB}.Release|Any CPU.Build.0 = Release|Any CPU
		{C8CB4240-0BDE-424C-B3C0-605D6644FB37}.Debug|Any CPU.ActiveCfg = Debug|Any CPU
		{C8CB4240-0BDE-424C-B3C0-605D6644FB37}.Debug|Any CPU.Build.0 = Debug|Any CPU
		{C8CB4240-0BDE-424C-B3C0-605D6644FB37}.Release|Any CPU.ActiveCfg = Release|Any CPU
		{C8CB4240-0BDE-424C-B3C0-605D6644FB37}.Release|Any CPU.Build.0 = Release|Any CPU
		{DA0D22F5-4D43-42DF-B18B-C2418CDB1C5C}.Debug|Any CPU.ActiveCfg = Debug|Any CPU
		{DA0D22F5-4D43-42DF-B18B-C2418CDB1C5C}.Debug|Any CPU.Build.0 = Debug|Any CPU
		{DA0D22F5-4D43-42DF-B18B-C2418CDB1C5C}.Release|Any CPU.ActiveCfg = Release|Any CPU
		{DA0D22F5-4D43-42DF-B18B-C2418CDB1C5C}.Release|Any CPU.Build.0 = Release|Any CPU
		{C4D55193-A99B-4A28-AC00-241CD0B5A028}.Debug|Any CPU.ActiveCfg = Debug|Any CPU
		{C4D55193-A99B-4A28-AC00-241CD0B5A028}.Debug|Any CPU.Build.0 = Debug|Any CPU
		{C4D55193-A99B-4A28-AC00-241CD0B5A028}.Release|Any CPU.ActiveCfg = Release|Any CPU
		{C4D55193-A99B-4A28-AC00-241CD0B5A028}.Release|Any CPU.Build.0 = Release|Any CPU
		{CCA0398C-FEDC-4A80-8876-21E5C873B0A6}.Debug|Any CPU.ActiveCfg = Debug|Any CPU
		{CCA0398C-FEDC-4A80-8876-21E5C873B0A6}.Debug|Any CPU.Build.0 = Debug|Any CPU
		{CCA0398C-FEDC-4A80-8876-21E5C873B0A6}.Release|Any CPU.ActiveCfg = Release|Any CPU
		{CCA0398C-FEDC-4A80-8876-21E5C873B0A6}.Release|Any CPU.Build.0 = Release|Any CPU
		{84D4444F-FF09-46AF-A400-64A5EE511EBA}.Debug|Any CPU.ActiveCfg = Debug|Any CPU
		{84D4444F-FF09-46AF-A400-64A5EE511EBA}.Debug|Any CPU.Build.0 = Debug|Any CPU
		{84D4444F-FF09-46AF-A400-64A5EE511EBA}.Release|Any CPU.ActiveCfg = Release|Any CPU
		{84D4444F-FF09-46AF-A400-64A5EE511EBA}.Release|Any CPU.Build.0 = Release|Any CPU
		{CD904EDD-ACBD-4FEE-B4A9-BC4DE1AFD374}.Debug|Any CPU.ActiveCfg = Debug|Any CPU
		{CD904EDD-ACBD-4FEE-B4A9-BC4DE1AFD374}.Debug|Any CPU.Build.0 = Debug|Any CPU
		{CD904EDD-ACBD-4FEE-B4A9-BC4DE1AFD374}.Release|Any CPU.ActiveCfg = Release|Any CPU
		{CD904EDD-ACBD-4FEE-B4A9-BC4DE1AFD374}.Release|Any CPU.Build.0 = Release|Any CPU
		{4760CEA8-B494-48B2-964F-6F4DA1455001}.Debug|Any CPU.ActiveCfg = Debug|Any CPU
		{4760CEA8-B494-48B2-964F-6F4DA1455001}.Debug|Any CPU.Build.0 = Debug|Any CPU
		{4760CEA8-B494-48B2-964F-6F4DA1455001}.Release|Any CPU.ActiveCfg = Release|Any CPU
		{4760CEA8-B494-48B2-964F-6F4DA1455001}.Release|Any CPU.Build.0 = Release|Any CPU
		{94BE4E7D-0121-4FFF-8536-E41DA3E5F78F}.Debug|Any CPU.ActiveCfg = Debug|Any CPU
		{94BE4E7D-0121-4FFF-8536-E41DA3E5F78F}.Debug|Any CPU.Build.0 = Debug|Any CPU
		{94BE4E7D-0121-4FFF-8536-E41DA3E5F78F}.Release|Any CPU.ActiveCfg = Release|Any CPU
		{94BE4E7D-0121-4FFF-8536-E41DA3E5F78F}.Release|Any CPU.Build.0 = Release|Any CPU
		{B7358966-C54B-4F0E-B601-BCBCF2938D2C}.Debug|Any CPU.ActiveCfg = Debug|Any CPU
		{B7358966-C54B-4F0E-B601-BCBCF2938D2C}.Debug|Any CPU.Build.0 = Debug|Any CPU
		{B7358966-C54B-4F0E-B601-BCBCF2938D2C}.Release|Any CPU.ActiveCfg = Release|Any CPU
		{B7358966-C54B-4F0E-B601-BCBCF2938D2C}.Release|Any CPU.Build.0 = Release|Any CPU
		{E62D7B79-A067-40F5-928E-B6926950C761}.Debug|Any CPU.ActiveCfg = Debug|Any CPU
		{E62D7B79-A067-40F5-928E-B6926950C761}.Debug|Any CPU.Build.0 = Debug|Any CPU
		{E62D7B79-A067-40F5-928E-B6926950C761}.Release|Any CPU.ActiveCfg = Release|Any CPU
		{E62D7B79-A067-40F5-928E-B6926950C761}.Release|Any CPU.Build.0 = Release|Any CPU
		{0366A0D0-0834-4DD2-BA3A-EB67B4975A47}.Debug|Any CPU.ActiveCfg = Debug|Any CPU
		{0366A0D0-0834-4DD2-BA3A-EB67B4975A47}.Debug|Any CPU.Build.0 = Debug|Any CPU
		{0366A0D0-0834-4DD2-BA3A-EB67B4975A47}.Release|Any CPU.ActiveCfg = Release|Any CPU
		{0366A0D0-0834-4DD2-BA3A-EB67B4975A47}.Release|Any CPU.Build.0 = Release|Any CPU
		{3EA63756-6B3D-4409-A13B-12394AD32631}.Debug|Any CPU.ActiveCfg = Debug|Any CPU
		{3EA63756-6B3D-4409-A13B-12394AD32631}.Debug|Any CPU.Build.0 = Debug|Any CPU
		{3EA63756-6B3D-4409-A13B-12394AD32631}.Release|Any CPU.ActiveCfg = Release|Any CPU
		{3EA63756-6B3D-4409-A13B-12394AD32631}.Release|Any CPU.Build.0 = Release|Any CPU
		{3541AD11-A1B2-4CFE-9FB5-A57B947579CF}.Debug|Any CPU.ActiveCfg = Debug|Any CPU
		{3541AD11-A1B2-4CFE-9FB5-A57B947579CF}.Debug|Any CPU.Build.0 = Debug|Any CPU
		{3541AD11-A1B2-4CFE-9FB5-A57B947579CF}.Release|Any CPU.ActiveCfg = Release|Any CPU
		{3541AD11-A1B2-4CFE-9FB5-A57B947579CF}.Release|Any CPU.Build.0 = Release|Any CPU
		{9EAD7026-36BD-4244-99A7-F06851F8E92A}.Debug|Any CPU.ActiveCfg = Debug|Any CPU
		{9EAD7026-36BD-4244-99A7-F06851F8E92A}.Debug|Any CPU.Build.0 = Debug|Any CPU
		{9EAD7026-36BD-4244-99A7-F06851F8E92A}.Release|Any CPU.ActiveCfg = Release|Any CPU
		{9EAD7026-36BD-4244-99A7-F06851F8E92A}.Release|Any CPU.Build.0 = Release|Any CPU
		{50634CEC-39D1-4980-85C2-A5B32DDCCA29}.Debug|Any CPU.ActiveCfg = Debug|Any CPU
		{50634CEC-39D1-4980-85C2-A5B32DDCCA29}.Debug|Any CPU.Build.0 = Debug|Any CPU
		{50634CEC-39D1-4980-85C2-A5B32DDCCA29}.Release|Any CPU.ActiveCfg = Release|Any CPU
		{50634CEC-39D1-4980-85C2-A5B32DDCCA29}.Release|Any CPU.Build.0 = Release|Any CPU
		{C0E28039-E535-47C4-BD83-F2B2A6D49DF5}.Debug|Any CPU.ActiveCfg = Debug|Any CPU
		{C0E28039-E535-47C4-BD83-F2B2A6D49DF5}.Debug|Any CPU.Build.0 = Debug|Any CPU
		{C0E28039-E535-47C4-BD83-F2B2A6D49DF5}.Release|Any CPU.ActiveCfg = Release|Any CPU
		{C0E28039-E535-47C4-BD83-F2B2A6D49DF5}.Release|Any CPU.Build.0 = Release|Any CPU
		{D9C21590-7D0C-4AF1-BFCF-672A4D6AACC5}.Debug|Any CPU.ActiveCfg = Debug|Any CPU
		{D9C21590-7D0C-4AF1-BFCF-672A4D6AACC5}.Debug|Any CPU.Build.0 = Debug|Any CPU
		{D9C21590-7D0C-4AF1-BFCF-672A4D6AACC5}.Release|Any CPU.ActiveCfg = Release|Any CPU
		{D9C21590-7D0C-4AF1-BFCF-672A4D6AACC5}.Release|Any CPU.Build.0 = Release|Any CPU
		{8E3654F9-BB35-4006-B95A-31026D70FF20}.Debug|Any CPU.ActiveCfg = Debug|Any CPU
		{8E3654F9-BB35-4006-B95A-31026D70FF20}.Debug|Any CPU.Build.0 = Debug|Any CPU
		{8E3654F9-BB35-4006-B95A-31026D70FF20}.Release|Any CPU.ActiveCfg = Release|Any CPU
		{8E3654F9-BB35-4006-B95A-31026D70FF20}.Release|Any CPU.Build.0 = Release|Any CPU
		{32DEA565-CEE2-40DE-A0EB-F9FB4524513C}.Debug|Any CPU.ActiveCfg = Debug|Any CPU
		{32DEA565-CEE2-40DE-A0EB-F9FB4524513C}.Debug|Any CPU.Build.0 = Debug|Any CPU
		{32DEA565-CEE2-40DE-A0EB-F9FB4524513C}.Release|Any CPU.ActiveCfg = Release|Any CPU
		{32DEA565-CEE2-40DE-A0EB-F9FB4524513C}.Release|Any CPU.Build.0 = Release|Any CPU
		{1EAEA73C-7175-44EC-8A39-5A4738E91DFA}.Debug|Any CPU.ActiveCfg = Debug|Any CPU
		{1EAEA73C-7175-44EC-8A39-5A4738E91DFA}.Debug|Any CPU.Build.0 = Debug|Any CPU
		{1EAEA73C-7175-44EC-8A39-5A4738E91DFA}.Release|Any CPU.ActiveCfg = Release|Any CPU
		{1EAEA73C-7175-44EC-8A39-5A4738E91DFA}.Release|Any CPU.Build.0 = Release|Any CPU
		{2E56423D-0139-4EFF-A09B-289A4231045D}.Debug|Any CPU.ActiveCfg = Debug|Any CPU
		{2E56423D-0139-4EFF-A09B-289A4231045D}.Debug|Any CPU.Build.0 = Debug|Any CPU
		{2E56423D-0139-4EFF-A09B-289A4231045D}.Release|Any CPU.ActiveCfg = Release|Any CPU
		{2E56423D-0139-4EFF-A09B-289A4231045D}.Release|Any CPU.Build.0 = Release|Any CPU
		{D59018BA-7C9A-4B0E-A8F8-E329EC4F166B}.Debug|Any CPU.ActiveCfg = Debug|Any CPU
		{D59018BA-7C9A-4B0E-A8F8-E329EC4F166B}.Debug|Any CPU.Build.0 = Debug|Any CPU
		{D59018BA-7C9A-4B0E-A8F8-E329EC4F166B}.Release|Any CPU.ActiveCfg = Release|Any CPU
		{D59018BA-7C9A-4B0E-A8F8-E329EC4F166B}.Release|Any CPU.Build.0 = Release|Any CPU
		{2B9840E6-C14D-479A-A922-A264150906BC}.Debug|Any CPU.ActiveCfg = Debug|Any CPU
		{2B9840E6-C14D-479A-A922-A264150906BC}.Debug|Any CPU.Build.0 = Debug|Any CPU
		{2B9840E6-C14D-479A-A922-A264150906BC}.Release|Any CPU.ActiveCfg = Release|Any CPU
		{2B9840E6-C14D-479A-A922-A264150906BC}.Release|Any CPU.Build.0 = Release|Any CPU
		{0E04DC74-E5FC-43A3-85CB-8FEC5739C2B1}.Debug|Any CPU.ActiveCfg = Debug|Any CPU
		{0E04DC74-E5FC-43A3-85CB-8FEC5739C2B1}.Debug|Any CPU.Build.0 = Debug|Any CPU
		{0E04DC74-E5FC-43A3-85CB-8FEC5739C2B1}.Release|Any CPU.ActiveCfg = Release|Any CPU
		{0E04DC74-E5FC-43A3-85CB-8FEC5739C2B1}.Release|Any CPU.Build.0 = Release|Any CPU
		{7F35F8C7-7053-4668-A079-3FD990F42E61}.Debug|Any CPU.ActiveCfg = Debug|Any CPU
		{7F35F8C7-7053-4668-A079-3FD990F42E61}.Debug|Any CPU.Build.0 = Debug|Any CPU
		{7F35F8C7-7053-4668-A079-3FD990F42E61}.Release|Any CPU.ActiveCfg = Release|Any CPU
		{7F35F8C7-7053-4668-A079-3FD990F42E61}.Release|Any CPU.Build.0 = Release|Any CPU
		{E7881C58-9FEA-478F-B73A-748F521E130B}.Debug|Any CPU.ActiveCfg = Debug|Any CPU
		{E7881C58-9FEA-478F-B73A-748F521E130B}.Debug|Any CPU.Build.0 = Debug|Any CPU
		{E7881C58-9FEA-478F-B73A-748F521E130B}.Release|Any CPU.ActiveCfg = Release|Any CPU
		{E7881C58-9FEA-478F-B73A-748F521E130B}.Release|Any CPU.Build.0 = Release|Any CPU
	EndGlobalSection
	GlobalSection(SolutionProperties) = preSolution
		HideSolutionNode = FALSE
	EndGlobalSection
	GlobalSection(ExtensibilityGlobals) = postSolution
		SolutionGuid = {50147C5D-8C5C-4B52-A647-F617DBB1BB4A}
	EndGlobalSection
EndGlobal
