
Microsoft Visual Studio Solution File, Format Version 12.00
# Visual Studio Version 17
VisualStudioVersion = 17.2.32630.192
MinimumVisualStudioVersion = 10.0.40219.1
Project("{9A19103F-16F7-4668-BE54-9A1E7A4F7556}") = "R5T.S0085", "R5T.S0085\R5T.S0085.csproj", "{3D846904-D4AE-4857-8C04-EF6160468462}"
EndProject
Project("{2150E333-8FDC-42A3-9474-1A3956D46DE8}") = "_Dependencies", "_Dependencies", "{D5E201A1-1CCA-497A-8DAB-0854B6D40927}"
EndProject
Project("{9A19103F-16F7-4668-BE54-9A1E7A4F7556}") = "R5T.F0000", "..\..\R5T.F0000\source\R5T.F0000\R5T.F0000.csproj", "{182ADD16-E0EB-461B-A626-B89D653C15C3}"
EndProject
Project("{9A19103F-16F7-4668-BE54-9A1E7A4F7556}") = "R5T.F0002", "..\..\R5T.F0002\source\R5T.F0002\R5T.F0002.csproj", "{311FDAC2-938F-4BD8-B526-71B4CA7DAA73}"
EndProject
Project("{9A19103F-16F7-4668-BE54-9A1E7A4F7556}") = "R5T.F0120", "..\..\R5T.F0120\source\R5T.F0120\R5T.F0120.csproj", "{9E6B8994-7A7C-49F1-BE92-C9597E62721F}"
EndProject
Project("{9A19103F-16F7-4668-BE54-9A1E7A4F7556}") = "R5T.F0124", "..\..\R5T.F0124\source\R5T.F0124\R5T.F0124.csproj", "{620F7B1A-77AA-48C8-B397-505D776525C9}"
EndProject
Project("{9A19103F-16F7-4668-BE54-9A1E7A4F7556}") = "R5T.F0125", "..\..\R5T.F0125\source\R5T.F0125\R5T.F0125.csproj", "{47FE5FE8-91B9-4C78-A6FB-34DFE8B98524}"
EndProject
Project("{9A19103F-16F7-4668-BE54-9A1E7A4F7556}") = "R5T.F0138", "..\..\R5T.F0138\source\R5T.F0138\R5T.F0138.csproj", "{26AE697E-C519-415F-B2AE-DCAD2C5B641C}"
EndProject
Project("{9A19103F-16F7-4668-BE54-9A1E7A4F7556}") = "R5T.L0030.T000", "..\..\R5T.L0030\source\R5T.L0030.T000\R5T.L0030.T000.csproj", "{C516AE39-B0BE-4993-9C05-8F17D10CA283}"
EndProject
Project("{9A19103F-16F7-4668-BE54-9A1E7A4F7556}") = "R5T.L0030", "..\..\R5T.L0030\source\R5T.L0030\R5T.L0030.csproj", "{C1084A49-9136-4B92-8FA1-03C6572C1B6D}"
EndProject
Project("{9A19103F-16F7-4668-BE54-9A1E7A4F7556}") = "R5T.L0034", "..\..\R5T.L0034\source\R5T.L0034\R5T.L0034.csproj", "{519D44CE-6248-47C4-8634-E4B49BB07485}"
EndProject
Project("{9A19103F-16F7-4668-BE54-9A1E7A4F7556}") = "R5T.L0035", "..\..\R5T.L0035\source\R5T.L0035\R5T.L0035.csproj", "{9B65A5C3-1EF1-474E-94EC-A6DA6C67DA07}"
EndProject
Project("{9A19103F-16F7-4668-BE54-9A1E7A4F7556}") = "R5T.NG0022", "..\..\R5T.NG0022\source\R5T.NG0022\R5T.NG0022.csproj", "{6899EAAE-AFB8-48FB-92F3-97FED23E4DB0}"
EndProject
Project("{9A19103F-16F7-4668-BE54-9A1E7A4F7556}") = "R5T.T0131", "..\..\R5T.T0131\source\R5T.T0131\R5T.T0131.csproj", "{5D47D9BC-5ADA-4533-91EF-236B1A909D7C}"
EndProject
Project("{9A19103F-16F7-4668-BE54-9A1E7A4F7556}") = "R5T.T0132", "..\..\R5T.T0132\source\R5T.T0132\R5T.T0132.csproj", "{94C8E1A4-D52B-4AD8-8FBA-AFED93A50A5D}"
EndProject
Project("{9A19103F-16F7-4668-BE54-9A1E7A4F7556}") = "R5T.T0142", "..\..\R5T.T0142\source\R5T.T0142\R5T.T0142.csproj", "{9CDEDCCD-E694-4F5C-8AA2-B1B9F55777CD}"
EndProject
Project("{9A19103F-16F7-4668-BE54-9A1E7A4F7556}") = "R5T.T0143", "..\..\R5T.T0143\source\R5T.T0143\R5T.T0143.csproj", "{020DE896-AC06-434F-8A7B-CF50CB1715DF}"
EndProject
Project("{9A19103F-16F7-4668-BE54-9A1E7A4F7556}") = "R5T.T0156", "..\..\R5T.T0156\source\R5T.T0156\R5T.T0156.csproj", "{072B3891-3B8E-4E26-9312-B407E032DEA0}"
EndProject
Project("{9A19103F-16F7-4668-BE54-9A1E7A4F7556}") = "R5T.T0174", "..\..\R5T.T0174\source\R5T.T0174\R5T.T0174.csproj", "{B7105A85-0A20-46B0-8917-1E443847C557}"
EndProject
Project("{9A19103F-16F7-4668-BE54-9A1E7A4F7556}") = "R5T.T0176", "..\..\R5T.T0176\source\R5T.T0176\R5T.T0176.csproj", "{5DAF1591-6659-46CB-8AB2-9CF85EB8A761}"
EndProject
Project("{9A19103F-16F7-4668-BE54-9A1E7A4F7556}") = "R5T.T0177", "..\..\R5T.T0177\source\R5T.T0177\R5T.T0177.csproj", "{51BFA612-3BD4-4406-ACA1-CA71AE3FBD9C}"
EndProject
Project("{9A19103F-16F7-4668-BE54-9A1E7A4F7556}") = "R5T.T0178", "..\..\R5T.T0178\source\R5T.T0178\R5T.T0178.csproj", "{16C268F6-7E71-49C1-BAA0-21CD2718DACB}"
EndProject
Project("{9A19103F-16F7-4668-BE54-9A1E7A4F7556}") = "R5T.T0179", "..\..\R5T.T0179\source\R5T.T0179\R5T.T0179.csproj", "{C8CB4240-0BDE-424C-B3C0-605D6644FB37}"
EndProject
Project("{9A19103F-16F7-4668-BE54-9A1E7A4F7556}") = "R5T.T0180", "..\..\R5T.T0180\source\R5T.T0180\R5T.T0180.csproj", "{DA0D22F5-4D43-42DF-B18B-C2418CDB1C5C}"
EndProject
Project("{9A19103F-16F7-4668-BE54-9A1E7A4F7556}") = "R5T.T0181", "..\..\R5T.T0181\source\R5T.T0181\R5T.T0181.csproj", "{C4D55193-A99B-4A28-AC00-241CD0B5A028}"
EndProject
Project("{9A19103F-16F7-4668-BE54-9A1E7A4F7556}") = "R5T.T0185", "..\..\R5T.T0185\source\R5T.T0185\R5T.T0185.csproj", "{CCA0398C-FEDC-4A80-8876-21E5C873B0A6}"
EndProject
Project("{9A19103F-16F7-4668-BE54-9A1E7A4F7556}") = "R5T.T0203", "..\..\R5T.T0203\source\R5T.T0203\R5T.T0203.csproj", "{84D4444F-FF09-46AF-A400-64A5EE511EBA}"
EndProject
Project("{9A19103F-16F7-4668-BE54-9A1E7A4F7556}") = "R5T.T0214.Z001", "..\..\R5T.T0214\source\R5T.T0214.Z001\R5T.T0214.Z001.csproj", "{CD904EDD-ACBD-4FEE-B4A9-BC4DE1AFD374}"
EndProject
Project("{9A19103F-16F7-4668-BE54-9A1E7A4F7556}") = "R5T.T0214", "..\..\R5T.T0214\source\R5T.T0214\R5T.T0214.csproj", "{4760CEA8-B494-48B2-964F-6F4DA1455001}"
EndProject
Project("{9A19103F-16F7-4668-BE54-9A1E7A4F7556}") = "R5T.T0215.Z000", "..\..\R5T.T0215\source\R5T.T0215.Z000\R5T.T0215.Z000.csproj", "{94BE4E7D-0121-4FFF-8536-E41DA3E5F78F}"
EndProject
Project("{9A19103F-16F7-4668-BE54-9A1E7A4F7556}") = "R5T.T0215", "..\..\R5T.T0215\source\R5T.T0215\R5T.T0215.csproj", "{B7358966-C54B-4F0E-B601-BCBCF2938D2C}"
EndProject
Project("{9A19103F-16F7-4668-BE54-9A1E7A4F7556}") = "R5T.T0216.F001", "..\..\R5T.T0216\source\R5T.T0216.F001\R5T.T0216.F001.csproj", "{E62D7B79-A067-40F5-928E-B6926950C761}"
EndProject
Project("{9A19103F-16F7-4668-BE54-9A1E7A4F7556}") = "R5T.T0216", "..\..\R5T.T0216\source\R5T.T0216\R5T.T0216.csproj", "{0366A0D0-0834-4DD2-BA3A-EB67B4975A47}"
EndProject
Project("{9A19103F-16F7-4668-BE54-9A1E7A4F7556}") = "R5T.T0217.F001", "..\..\R5T.T0217\source\R5T.T0217.F001\R5T.T0217.F001.csproj", "{3EA63756-6B3D-4409-A13B-12394AD32631}"
EndProject
Project("{9A19103F-16F7-4668-BE54-9A1E7A4F7556}") = "R5T.T0217", "..\..\R5T.T0217\source\R5T.T0217\R5T.T0217.csproj", "{3541AD11-A1B2-4CFE-9FB5-A57B947579CF}"
EndProject
Project("{9A19103F-16F7-4668-BE54-9A1E7A4F7556}") = "R5T.T0218", "..\..\R5T.T0218\source\R5T.T0218\R5T.T0218.csproj", "{9EAD7026-36BD-4244-99A7-F06851F8E92A}"
EndProject
Project("{9A19103F-16F7-4668-BE54-9A1E7A4F7556}") = "R5T.Y0000", "..\..\R5T.Y0000\source\R5T.Y0000\R5T.Y0000.csproj", "{50634CEC-39D1-4980-85C2-A5B32DDCCA29}"
EndProject
Project("{9A19103F-16F7-4668-BE54-9A1E7A4F7556}") = "R5T.Z0000", "..\..\R5T.Z0000\source\R5T.Z0000\R5T.Z0000.csproj", "{C0E28039-E535-47C4-BD83-F2B2A6D49DF5}"
EndProject
Project("{9A19103F-16F7-4668-BE54-9A1E7A4F7556}") = "R5T.T0141", "..\..\R5T.T0141\source\R5T.T0141\R5T.T0141.csproj", "{D9C21590-7D0C-4AF1-BFCF-672A4D6AACC5}"
EndProject
Project("{9A19103F-16F7-4668-BE54-9A1E7A4F7556}") = "R5T.T0219", "..\..\R5T.T0219\source\R5T.T0219\R5T.T0219.csproj", "{8E3654F9-BB35-4006-B95A-31026D70FF20}"
EndProject
Project("{9A19103F-16F7-4668-BE54-9A1E7A4F7556}") = "R5T.Z0058", "..\..\R5T.Z0058\source\R5T.Z0058\R5T.Z0058.csproj", "{32DEA565-CEE2-40DE-A0EB-F9FB4524513C}"
EndProject
Project("{9A19103F-16F7-4668-BE54-9A1E7A4F7556}") = "R5T.Z0057", "..\..\R5T.Z0057\source\R5T.Z0057\R5T.Z0057.csproj", "{1EAEA73C-7175-44EC-8A39-5A4738E91DFA}"
EndProject
Project("{9A19103F-16F7-4668-BE54-9A1E7A4F7556}") = "R5T.F0139", "..\..\R5T.F0139\source\R5T.F0139\R5T.F0139.csproj", "{2E56423D-0139-4EFF-A09B-289A4231045D}"
EndProject
Project("{9A19103F-16F7-4668-BE54-9A1E7A4F7556}") = "R5T.F0140", "..\..\R5T.F0140\source\R5T.F0140\R5T.F0140.csproj", "{D59018BA-7C9A-4B0E-A8F8-E329EC4F166B}"
EndProject
Project("{9A19103F-16F7-4668-BE54-9A1E7A4F7556}") = "R5T.T0150", "..\..\R5T.T0150\source\R5T.T0150\R5T.T0150.csproj", "{2B9840E6-C14D-479A-A922-A264150906BC}"
EndProject
Project("{9A19103F-16F7-4668-BE54-9A1E7A4F7556}") = "R5T.T0151", "..\..\R5T.T0151\source\R5T.T0151\R5T.T0151.csproj", "{0E04DC74-E5FC-43A3-85CB-8FEC5739C2B1}"
EndProject
Project("{9A19103F-16F7-4668-BE54-9A1E7A4F7556}") = "R5T.T0172", "..\..\R5T.T0172\source\R5T.T0172\R5T.T0172.csproj", "{7F35F8C7-7053-4668-A079-3FD990F42E61}"
EndProject
Project("{9A19103F-16F7-4668-BE54-9A1E7A4F7556}") = "R5T.Z0044.Z000", "..\..\R5T.Z0044\source\R5T.Z0044.Z000\R5T.Z0044.Z000.csproj", "{E7881C58-9FEA-478F-B73A-748F521E130B}"
EndProject
Project("{9A19103F-16F7-4668-BE54-9A1E7A4F7556}") = "R5T.F0020", "..\..\R5T.F0020\source\R5T.F0020\R5T.F0020.csproj", "{B0208A70-EAB3-432B-9E97-A0E5B0C4FFB7}"
EndProject
Project("{9A19103F-16F7-4668-BE54-9A1E7A4F7556}") = "R5T.F0033.Platform", "..\..\R5T.F0033\source\R5T.F0033.Platform\R5T.F0033.Platform.csproj", "{B29DBF67-C76A-4B04-A180-03B5C6B15F33}"
EndProject
Project("{9A19103F-16F7-4668-BE54-9A1E7A4F7556}") = "R5T.F0033", "..\..\R5T.F0033\source\R5T.F0033\R5T.F0033.csproj", "{4763C22E-64BF-410F-80EF-0B625A1264A2}"
EndProject
Project("{9A19103F-16F7-4668-BE54-9A1E7A4F7556}") = "R5T.F0034.Platform", "..\..\R5T.F0034\source\R5T.F0034.Platform\R5T.F0034.Platform.csproj", "{C5FC0B72-22C3-43A4-99D6-F6845D403AD5}"
EndProject
Project("{9A19103F-16F7-4668-BE54-9A1E7A4F7556}") = "R5T.F0034", "..\..\R5T.F0034\source\R5T.F0034\R5T.F0034.csproj", "{783CFA43-2DAC-498E-B773-061BDB49A8F2}"
EndProject
Project("{9A19103F-16F7-4668-BE54-9A1E7A4F7556}") = "R5T.F0035.F001", "..\..\R5T.F0035\source\R5T.F0035.F001\R5T.F0035.F001.csproj", "{8AC017CB-A4C7-4505-9C86-5E851B56EB31}"
EndProject
Project("{9A19103F-16F7-4668-BE54-9A1E7A4F7556}") = "R5T.F0040.F000", "..\..\R5T.F0040\source\R5T.F0040.F000\R5T.F0040.F000.csproj", "{AB253621-2311-4A2E-8DA0-31A79E2BE27A}"
EndProject
Project("{9A19103F-16F7-4668-BE54-9A1E7A4F7556}") = "R5T.F0040", "..\..\R5T.F0040\source\R5T.F0040\R5T.F0040.csproj", "{653EF875-04AA-47A6-8C50-60778C05592B}"
EndProject
Project("{9A19103F-16F7-4668-BE54-9A1E7A4F7556}") = "R5T.F0059", "..\..\R5T.F0059\source\R5T.F0059\R5T.F0059.csproj", "{63AC5AA1-5FE9-4DA6-ABC6-98C7FAAC1E33}"
EndProject
Project("{9A19103F-16F7-4668-BE54-9A1E7A4F7556}") = "R5T.L0032.T000", "..\..\R5T.L0032\source\R5T.L0032.T000\R5T.L0032.T000.csproj", "{75863F35-3F86-4A4E-9AAF-E327D159761F}"
EndProject
Project("{9A19103F-16F7-4668-BE54-9A1E7A4F7556}") = "R5T.L0053", "..\..\R5T.L0053\source\R5T.L0053\R5T.L0053.csproj", "{BA52ECBD-5E2B-4DAF-A32F-FF90C540CDD3}"
EndProject
Project("{9A19103F-16F7-4668-BE54-9A1E7A4F7556}") = "R5T.L0055", "..\..\R5T.L0055\source\R5T.L0055\R5T.L0055.csproj", "{53018C8A-4546-454A-8196-B9A82F862844}"
EndProject
Project("{9A19103F-16F7-4668-BE54-9A1E7A4F7556}") = "R5T.L0056", "..\..\R5T.L0056\source\R5T.L0056\R5T.L0056.csproj", "{92B5EC02-57C6-48A1-B0F2-85431D4AC13C}"
EndProject
Project("{9A19103F-16F7-4668-BE54-9A1E7A4F7556}") = "R5T.L0057", "..\..\R5T.L0057\source\R5T.L0057\R5T.L0057.csproj", "{95398225-4FD0-42BD-ABD7-9A33F908DF69}"
EndProject
Project("{9A19103F-16F7-4668-BE54-9A1E7A4F7556}") = "R5T.L0058", "..\..\R5T.L0058\source\R5T.L0058\R5T.L0058.csproj", "{7923F927-D067-4448-84BD-462CE8664030}"
EndProject
Project("{9A19103F-16F7-4668-BE54-9A1E7A4F7556}") = "R5T.L0061", "..\..\R5T.L0061\source\R5T.L0061\R5T.L0061.csproj", "{4A4DBEA4-621C-418E-B160-ACC7511F7AA1}"
EndProject
Project("{9A19103F-16F7-4668-BE54-9A1E7A4F7556}") = "R5T.L0064.F001", "..\..\R5T.L0064\source\R5T.L0064.F001\R5T.L0064.F001.csproj", "{865A28A6-9D34-4CA8-BDEC-5B5C6768F8AC}"
EndProject
Project("{9A19103F-16F7-4668-BE54-9A1E7A4F7556}") = "R5T.L0066", "..\..\R5T.L0066\source\R5T.L0066\R5T.L0066.csproj", "{2228ABA3-72BF-47AB-8418-34EE93F3D1E9}"
EndProject
Project("{9A19103F-16F7-4668-BE54-9A1E7A4F7556}") = "R5T.NG0002", "..\..\R5T.NG0002\source\R5T.NG0002\R5T.NG0002.csproj", "{9467BE98-4071-4E8E-BCC2-359543A8BD24}"
EndProject
Project("{9A19103F-16F7-4668-BE54-9A1E7A4F7556}") = "R5T.NG0006", "..\..\R5T.NG0006\source\R5T.NG0006\R5T.NG0006.csproj", "{E13772E3-C032-4020-9CAE-8CC3E8E49CE5}"
EndProject
Project("{9A19103F-16F7-4668-BE54-9A1E7A4F7556}") = "R5T.NG0007", "..\..\R5T.NG0007\source\R5T.NG0007\R5T.NG0007.csproj", "{5213A750-EA48-4FB1-AD9A-74BDC3FBCF8A}"
EndProject
Project("{9A19103F-16F7-4668-BE54-9A1E7A4F7556}") = "R5T.NG0010", "..\..\R5T.NG0010\source\R5T.NG0010\R5T.NG0010.csproj", "{FAF89F15-C870-4473-B1CE-BC7EF44225B5}"
EndProject
Project("{9A19103F-16F7-4668-BE54-9A1E7A4F7556}") = "R5T.T0148", "..\..\R5T.T0148\source\R5T.T0148\R5T.T0148.csproj", "{75867FA4-313A-4FD5-AC46-FECA74F3F511}"
EndProject
Project("{9A19103F-16F7-4668-BE54-9A1E7A4F7556}") = "R5T.T0152", "..\..\R5T.T0152\source\R5T.T0152\R5T.T0152.csproj", "{847FA675-C884-48C0-A9E3-D9B3921D663B}"
EndProject
Project("{9A19103F-16F7-4668-BE54-9A1E7A4F7556}") = "R5T.T0158.F000", "..\..\R5T.T0158\source\R5T.T0158.F000\R5T.T0158.F000.csproj", "{EE7D46EF-85EB-4C45-9BBB-F3F060235762}"
EndProject
Project("{9A19103F-16F7-4668-BE54-9A1E7A4F7556}") = "R5T.T0158.T000", "..\..\R5T.T0158\source\R5T.T0158.T000\R5T.T0158.T000.csproj", "{C420B360-8DD5-4A6F-9A73-391B2B212139}"
EndProject
Project("{9A19103F-16F7-4668-BE54-9A1E7A4F7556}") = "R5T.T0158", "..\..\R5T.T0158\source\R5T.T0158\R5T.T0158.csproj", "{002BC98D-ECCA-4C77-BF7B-E481B209B8D6}"
EndProject
Project("{9A19103F-16F7-4668-BE54-9A1E7A4F7556}") = "R5T.T0159.F000", "..\..\R5T.T0159\source\R5T.T0159.F000\R5T.T0159.F000.csproj", "{FC87B789-B02A-49D6-84D1-5F02E5298216}"
EndProject
Project("{9A19103F-16F7-4668-BE54-9A1E7A4F7556}") = "R5T.T0159", "..\..\R5T.T0159\source\R5T.T0159\R5T.T0159.csproj", "{4A17E4C9-0715-4446-AD0A-54950419F42D}"
EndProject
Project("{9A19103F-16F7-4668-BE54-9A1E7A4F7556}") = "R5T.T0161", "..\..\R5T.T0161\source\R5T.T0161\R5T.T0161.csproj", "{B54E839C-F01E-4F60-B67A-67A782610B74}"
EndProject
Project("{9A19103F-16F7-4668-BE54-9A1E7A4F7556}") = "R5T.T0184", "..\..\R5T.T0184\source\R5T.T0184\R5T.T0184.csproj", "{22956DCB-68CF-43F0-9758-D797B2CC9575}"
EndProject
Project("{9A19103F-16F7-4668-BE54-9A1E7A4F7556}") = "R5T.T0186", "..\..\R5T.T0186\source\R5T.T0186\R5T.T0186.csproj", "{1370EBA4-D297-4665-9E64-2ED4474F742F}"
EndProject
Project("{9A19103F-16F7-4668-BE54-9A1E7A4F7556}") = "R5T.T0187", "..\..\R5T.T0187\source\R5T.T0187\R5T.T0187.csproj", "{801C2B6A-09D7-4056-8523-56E055BE452A}"
EndProject
Project("{9A19103F-16F7-4668-BE54-9A1E7A4F7556}") = "R5T.T0196", "..\..\R5T.T0196\source\R5T.T0196\R5T.T0196.csproj", "{6AFB81BC-0D38-4963-A8BA-31D246ACD9DC}"
EndProject
Project("{9A19103F-16F7-4668-BE54-9A1E7A4F7556}") = "R5T.T0197", "..\..\R5T.T0197\source\R5T.T0197\R5T.T0197.csproj", "{594E9013-3952-4328-BD3E-42DD3D6CE176}"
EndProject
Project("{9A19103F-16F7-4668-BE54-9A1E7A4F7556}") = "R5T.T0198", "..\..\R5T.T0198\source\R5T.T0198\R5T.T0198.csproj", "{3F51CA39-7020-43D1-9283-DA03620DF88A}"
EndProject
Project("{9A19103F-16F7-4668-BE54-9A1E7A4F7556}") = "R5T.T0199", "..\..\R5T.T0199\source\R5T.T0199\R5T.T0199.csproj", "{C3A20523-0383-4E2A-8FF6-8FA823D80364}"
EndProject
Project("{9A19103F-16F7-4668-BE54-9A1E7A4F7556}") = "R5T.T0200", "..\..\R5T.T0200\source\R5T.T0200\R5T.T0200.csproj", "{09139CDA-43F4-437C-980C-37209E5A8299}"
EndProject
Project("{9A19103F-16F7-4668-BE54-9A1E7A4F7556}") = "R5T.T0213", "..\..\R5T.T0213\source\R5T.T0213\R5T.T0213.csproj", "{2B44D049-2A8B-47AB-B61D-84B6F0D8779C}"
EndProject
Project("{9A19103F-16F7-4668-BE54-9A1E7A4F7556}") = "R5T.T0220", "..\..\R5T.T0220\source\R5T.T0220\R5T.T0220.csproj", "{5220F278-99D2-45D9-8A4A-BFA0CF380461}"
EndProject
Project("{9A19103F-16F7-4668-BE54-9A1E7A4F7556}") = "R5T.T0221", "..\..\R5T.T0221\source\R5T.T0221\R5T.T0221.csproj", "{A5E0F71C-ADE4-4440-85EA-5EDDA4888127}"
EndProject
Project("{9A19103F-16F7-4668-BE54-9A1E7A4F7556}") = "R5T.T0224", "..\..\R5T.T0224\source\R5T.T0224\R5T.T0224.csproj", "{810CAFE8-30FE-4BB6-9DD3-C08310A7F5E7}"
EndProject
Project("{9A19103F-16F7-4668-BE54-9A1E7A4F7556}") = "R5T.T0227", "..\..\R5T.T0227\source\R5T.T0227\R5T.T0227.csproj", "{D803604D-63CC-4CDB-A77C-E5680AB2FA0B}"
EndProject
Project("{9A19103F-16F7-4668-BE54-9A1E7A4F7556}") = "R5T.Z0010.Platform", "..\..\R5T.Z0010\source\R5T.Z0010.Platform\R5T.Z0010.Platform.csproj", "{02F23353-C3F4-49AA-9B23-2F66FCDC4A1A}"
EndProject
Project("{9A19103F-16F7-4668-BE54-9A1E7A4F7556}") = "R5T.Z0010", "..\..\R5T.Z0010\source\R5T.Z0010\R5T.Z0010.csproj", "{9FA96C91-0761-44F8-A22D-0E1CD06BDD33}"
EndProject
Project("{9A19103F-16F7-4668-BE54-9A1E7A4F7556}") = "R5T.Z0012", "..\..\R5T.Z0012\source\R5T.Z0012\R5T.Z0012.csproj", "{347E71CD-DBB0-4879-A107-D47E1CEE1B3C}"
EndProject
Project("{9A19103F-16F7-4668-BE54-9A1E7A4F7556}") = "R5T.Z0046.Platform", "..\..\R5T.Z0046\source\R5T.Z0046.Platform\R5T.Z0046.Platform.csproj", "{1D676B2F-1945-4358-9F00-7C6356DE40E6}"
EndProject
Project("{9A19103F-16F7-4668-BE54-9A1E7A4F7556}") = "R5T.Z0046", "..\..\R5T.Z0046\source\R5T.Z0046\R5T.Z0046.csproj", "{FFD5710E-B5D5-42DF-8CB5-0C5C9D3AD28D}"
EndProject
Project("{9A19103F-16F7-4668-BE54-9A1E7A4F7556}") = "R5T.Z0057.Platform", "..\..\R5T.Z0057\source\R5T.Z0057.Platform\R5T.Z0057.Platform.csproj", "{282489C2-A11D-40AD-AF54-90EF5810988F}"
EndProject
Project("{9A19103F-16F7-4668-BE54-9A1E7A4F7556}") = "R5T.Z0063.Platform", "..\..\R5T.Z0063\source\R5T.Z0063.Platform\R5T.Z0063.Platform.csproj", "{949ADD4F-14C3-4AD1-8FF4-BC5A6250502A}"
EndProject
Project("{9A19103F-16F7-4668-BE54-9A1E7A4F7556}") = "R5T.Z0063", "..\..\R5T.Z0063\source\R5T.Z0063\R5T.Z0063.csproj", "{A46B64C7-F6AB-46D4-ABC3-E764757D0DE0}"
EndProject
Global
	GlobalSection(NestedProjects) = preSolution
		{182ADD16-E0EB-461B-A626-B89D653C15C3} = {D5E201A1-1CCA-497A-8DAB-0854B6D40927}
		{311FDAC2-938F-4BD8-B526-71B4CA7DAA73} = {D5E201A1-1CCA-497A-8DAB-0854B6D40927}
		{9E6B8994-7A7C-49F1-BE92-C9597E62721F} = {D5E201A1-1CCA-497A-8DAB-0854B6D40927}
		{620F7B1A-77AA-48C8-B397-505D776525C9} = {D5E201A1-1CCA-497A-8DAB-0854B6D40927}
		{47FE5FE8-91B9-4C78-A6FB-34DFE8B98524} = {D5E201A1-1CCA-497A-8DAB-0854B6D40927}
		{26AE697E-C519-415F-B2AE-DCAD2C5B641C} = {D5E201A1-1CCA-497A-8DAB-0854B6D40927}
		{C516AE39-B0BE-4993-9C05-8F17D10CA283} = {D5E201A1-1CCA-497A-8DAB-0854B6D40927}
		{C1084A49-9136-4B92-8FA1-03C6572C1B6D} = {D5E201A1-1CCA-497A-8DAB-0854B6D40927}
		{519D44CE-6248-47C4-8634-E4B49BB07485} = {D5E201A1-1CCA-497A-8DAB-0854B6D40927}
		{9B65A5C3-1EF1-474E-94EC-A6DA6C67DA07} = {D5E201A1-1CCA-497A-8DAB-0854B6D40927}
		{6899EAAE-AFB8-48FB-92F3-97FED23E4DB0} = {D5E201A1-1CCA-497A-8DAB-0854B6D40927}
		{5D47D9BC-5ADA-4533-91EF-236B1A909D7C} = {D5E201A1-1CCA-497A-8DAB-0854B6D40927}
		{94C8E1A4-D52B-4AD8-8FBA-AFED93A50A5D} = {D5E201A1-1CCA-497A-8DAB-0854B6D40927}
		{9CDEDCCD-E694-4F5C-8AA2-B1B9F55777CD} = {D5E201A1-1CCA-497A-8DAB-0854B6D40927}
		{020DE896-AC06-434F-8A7B-CF50CB1715DF} = {D5E201A1-1CCA-497A-8DAB-0854B6D40927}
		{072B3891-3B8E-4E26-9312-B407E032DEA0} = {D5E201A1-1CCA-497A-8DAB-0854B6D40927}
		{B7105A85-0A20-46B0-8917-1E443847C557} = {D5E201A1-1CCA-497A-8DAB-0854B6D40927}
		{5DAF1591-6659-46CB-8AB2-9CF85EB8A761} = {D5E201A1-1CCA-497A-8DAB-0854B6D40927}
		{51BFA612-3BD4-4406-ACA1-CA71AE3FBD9C} = {D5E201A1-1CCA-497A-8DAB-0854B6D40927}
		{16C268F6-7E71-49C1-BAA0-21CD2718DACB} = {D5E201A1-1CCA-497A-8DAB-0854B6D40927}
		{C8CB4240-0BDE-424C-B3C0-605D6644FB37} = {D5E201A1-1CCA-497A-8DAB-0854B6D40927}
		{DA0D22F5-4D43-42DF-B18B-C2418CDB1C5C} = {D5E201A1-1CCA-497A-8DAB-0854B6D40927}
		{C4D55193-A99B-4A28-AC00-241CD0B5A028} = {D5E201A1-1CCA-497A-8DAB-0854B6D40927}
		{CCA0398C-FEDC-4A80-8876-21E5C873B0A6} = {D5E201A1-1CCA-497A-8DAB-0854B6D40927}
		{84D4444F-FF09-46AF-A400-64A5EE511EBA} = {D5E201A1-1CCA-497A-8DAB-0854B6D40927}
		{CD904EDD-ACBD-4FEE-B4A9-BC4DE1AFD374} = {D5E201A1-1CCA-497A-8DAB-0854B6D40927}
		{4760CEA8-B494-48B2-964F-6F4DA1455001} = {D5E201A1-1CCA-497A-8DAB-0854B6D40927}
		{94BE4E7D-0121-4FFF-8536-E41DA3E5F78F} = {D5E201A1-1CCA-497A-8DAB-0854B6D40927}
		{B7358966-C54B-4F0E-B601-BCBCF2938D2C} = {D5E201A1-1CCA-497A-8DAB-0854B6D40927}
		{E62D7B79-A067-40F5-928E-B6926950C761} = {D5E201A1-1CCA-497A-8DAB-0854B6D40927}
		{0366A0D0-0834-4DD2-BA3A-EB67B4975A47} = {D5E201A1-1CCA-497A-8DAB-0854B6D40927}
		{3EA63756-6B3D-4409-A13B-12394AD32631} = {D5E201A1-1CCA-497A-8DAB-0854B6D40927}
		{3541AD11-A1B2-4CFE-9FB5-A57B947579CF} = {D5E201A1-1CCA-497A-8DAB-0854B6D40927}
		{9EAD7026-36BD-4244-99A7-F06851F8E92A} = {D5E201A1-1CCA-497A-8DAB-0854B6D40927}
		{50634CEC-39D1-4980-85C2-A5B32DDCCA29} = {D5E201A1-1CCA-497A-8DAB-0854B6D40927}
		{C0E28039-E535-47C4-BD83-F2B2A6D49DF5} = {D5E201A1-1CCA-497A-8DAB-0854B6D40927}
		{D9C21590-7D0C-4AF1-BFCF-672A4D6AACC5} = {D5E201A1-1CCA-497A-8DAB-0854B6D40927}
		{8E3654F9-BB35-4006-B95A-31026D70FF20} = {D5E201A1-1CCA-497A-8DAB-0854B6D40927}
		{32DEA565-CEE2-40DE-A0EB-F9FB4524513C} = {D5E201A1-1CCA-497A-8DAB-0854B6D40927}
		{1EAEA73C-7175-44EC-8A39-5A4738E91DFA} = {D5E201A1-1CCA-497A-8DAB-0854B6D40927}
		{2E56423D-0139-4EFF-A09B-289A4231045D} = {D5E201A1-1CCA-497A-8DAB-0854B6D40927}
		{D59018BA-7C9A-4B0E-A8F8-E329EC4F166B} = {D5E201A1-1CCA-497A-8DAB-0854B6D40927}
		{2B9840E6-C14D-479A-A922-A264150906BC} = {D5E201A1-1CCA-497A-8DAB-0854B6D40927}
		{0E04DC74-E5FC-43A3-85CB-8FEC5739C2B1} = {D5E201A1-1CCA-497A-8DAB-0854B6D40927}
		{7F35F8C7-7053-4668-A079-3FD990F42E61} = {D5E201A1-1CCA-497A-8DAB-0854B6D40927}
		{E7881C58-9FEA-478F-B73A-748F521E130B} = {D5E201A1-1CCA-497A-8DAB-0854B6D40927}
		{B0208A70-EAB3-432B-9E97-A0E5B0C4FFB7} = {D5E201A1-1CCA-497A-8DAB-0854B6D40927}
		{B29DBF67-C76A-4B04-A180-03B5C6B15F33} = {D5E201A1-1CCA-497A-8DAB-0854B6D40927}
		{4763C22E-64BF-410F-80EF-0B625A1264A2} = {D5E201A1-1CCA-497A-8DAB-0854B6D40927}
		{C5FC0B72-22C3-43A4-99D6-F6845D403AD5} = {D5E201A1-1CCA-497A-8DAB-0854B6D40927}
		{783CFA43-2DAC-498E-B773-061BDB49A8F2} = {D5E201A1-1CCA-497A-8DAB-0854B6D40927}
		{8AC017CB-A4C7-4505-9C86-5E851B56EB31} = {D5E201A1-1CCA-497A-8DAB-0854B6D40927}
		{AB253621-2311-4A2E-8DA0-31A79E2BE27A} = {D5E201A1-1CCA-497A-8DAB-0854B6D40927}
		{653EF875-04AA-47A6-8C50-60778C05592B} = {D5E201A1-1CCA-497A-8DAB-0854B6D40927}
		{63AC5AA1-5FE9-4DA6-ABC6-98C7FAAC1E33} = {D5E201A1-1CCA-497A-8DAB-0854B6D40927}
		{75863F35-3F86-4A4E-9AAF-E327D159761F} = {D5E201A1-1CCA-497A-8DAB-0854B6D40927}
		{BA52ECBD-5E2B-4DAF-A32F-FF90C540CDD3} = {D5E201A1-1CCA-497A-8DAB-0854B6D40927}
		{53018C8A-4546-454A-8196-B9A82F862844} = {D5E201A1-1CCA-497A-8DAB-0854B6D40927}
		{92B5EC02-57C6-48A1-B0F2-85431D4AC13C} = {D5E201A1-1CCA-497A-8DAB-0854B6D40927}
		{95398225-4FD0-42BD-ABD7-9A33F908DF69} = {D5E201A1-1CCA-497A-8DAB-0854B6D40927}
		{7923F927-D067-4448-84BD-462CE8664030} = {D5E201A1-1CCA-497A-8DAB-0854B6D40927}
		{4A4DBEA4-621C-418E-B160-ACC7511F7AA1} = {D5E201A1-1CCA-497A-8DAB-0854B6D40927}
		{865A28A6-9D34-4CA8-BDEC-5B5C6768F8AC} = {D5E201A1-1CCA-497A-8DAB-0854B6D40927}
		{2228ABA3-72BF-47AB-8418-34EE93F3D1E9} = {D5E201A1-1CCA-497A-8DAB-0854B6D40927}
		{9467BE98-4071-4E8E-BCC2-359543A8BD24} = {D5E201A1-1CCA-497A-8DAB-0854B6D40927}
		{E13772E3-C032-4020-9CAE-8CC3E8E49CE5} = {D5E201A1-1CCA-497A-8DAB-0854B6D40927}
		{5213A750-EA48-4FB1-AD9A-74BDC3FBCF8A} = {D5E201A1-1CCA-497A-8DAB-0854B6D40927}
		{FAF89F15-C870-4473-B1CE-BC7EF44225B5} = {D5E201A1-1CCA-497A-8DAB-0854B6D40927}
		{75867FA4-313A-4FD5-AC46-FECA74F3F511} = {D5E201A1-1CCA-497A-8DAB-0854B6D40927}
		{847FA675-C884-48C0-A9E3-D9B3921D663B} = {D5E201A1-1CCA-497A-8DAB-0854B6D40927}
		{EE7D46EF-85EB-4C45-9BBB-F3F060235762} = {D5E201A1-1CCA-497A-8DAB-0854B6D40927}
		{C420B360-8DD5-4A6F-9A73-391B2B212139} = {D5E201A1-1CCA-497A-8DAB-0854B6D40927}
		{002BC98D-ECCA-4C77-BF7B-E481B209B8D6} = {D5E201A1-1CCA-497A-8DAB-0854B6D40927}
		{FC87B789-B02A-49D6-84D1-5F02E5298216} = {D5E201A1-1CCA-497A-8DAB-0854B6D40927}
		{4A17E4C9-0715-4446-AD0A-54950419F42D} = {D5E201A1-1CCA-497A-8DAB-0854B6D40927}
		{B54E839C-F01E-4F60-B67A-67A782610B74} = {D5E201A1-1CCA-497A-8DAB-0854B6D40927}
		{22956DCB-68CF-43F0-9758-D797B2CC9575} = {D5E201A1-1CCA-497A-8DAB-0854B6D40927}
		{1370EBA4-D297-4665-9E64-2ED4474F742F} = {D5E201A1-1CCA-497A-8DAB-0854B6D40927}
		{801C2B6A-09D7-4056-8523-56E055BE452A} = {D5E201A1-1CCA-497A-8DAB-0854B6D40927}
		{6AFB81BC-0D38-4963-A8BA-31D246ACD9DC} = {D5E201A1-1CCA-497A-8DAB-0854B6D40927}
		{594E9013-3952-4328-BD3E-42DD3D6CE176} = {D5E201A1-1CCA-497A-8DAB-0854B6D40927}
		{3F51CA39-7020-43D1-9283-DA03620DF88A} = {D5E201A1-1CCA-497A-8DAB-0854B6D40927}
		{C3A20523-0383-4E2A-8FF6-8FA823D80364} = {D5E201A1-1CCA-497A-8DAB-0854B6D40927}
		{09139CDA-43F4-437C-980C-37209E5A8299} = {D5E201A1-1CCA-497A-8DAB-0854B6D40927}
		{2B44D049-2A8B-47AB-B61D-84B6F0D8779C} = {D5E201A1-1CCA-497A-8DAB-0854B6D40927}
		{5220F278-99D2-45D9-8A4A-BFA0CF380461} = {D5E201A1-1CCA-497A-8DAB-0854B6D40927}
		{A5E0F71C-ADE4-4440-85EA-5EDDA4888127} = {D5E201A1-1CCA-497A-8DAB-0854B6D40927}
		{810CAFE8-30FE-4BB6-9DD3-C08310A7F5E7} = {D5E201A1-1CCA-497A-8DAB-0854B6D40927}
		{D803604D-63CC-4CDB-A77C-E5680AB2FA0B} = {D5E201A1-1CCA-497A-8DAB-0854B6D40927}
		{02F23353-C3F4-49AA-9B23-2F66FCDC4A1A} = {D5E201A1-1CCA-497A-8DAB-0854B6D40927}
		{9FA96C91-0761-44F8-A22D-0E1CD06BDD33} = {D5E201A1-1CCA-497A-8DAB-0854B6D40927}
		{347E71CD-DBB0-4879-A107-D47E1CEE1B3C} = {D5E201A1-1CCA-497A-8DAB-0854B6D40927}
		{1D676B2F-1945-4358-9F00-7C6356DE40E6} = {D5E201A1-1CCA-497A-8DAB-0854B6D40927}
		{FFD5710E-B5D5-42DF-8CB5-0C5C9D3AD28D} = {D5E201A1-1CCA-497A-8DAB-0854B6D40927}
		{282489C2-A11D-40AD-AF54-90EF5810988F} = {D5E201A1-1CCA-497A-8DAB-0854B6D40927}
		{949ADD4F-14C3-4AD1-8FF4-BC5A6250502A} = {D5E201A1-1CCA-497A-8DAB-0854B6D40927}
		{A46B64C7-F6AB-46D4-ABC3-E764757D0DE0} = {D5E201A1-1CCA-497A-8DAB-0854B6D40927}
	EndGlobalSection
	GlobalSection(SolutionConfigurationPlatforms) = preSolution
		Debug|Any CPU = Debug|Any CPU
		Release|Any CPU = Release|Any CPU
	EndGlobalSection
	GlobalSection(ProjectConfigurationPlatforms) = postSolution
		{3D846904-D4AE-4857-8C04-EF6160468462}.Debug|Any CPU.ActiveCfg = Debug|Any CPU
		{3D846904-D4AE-4857-8C04-EF6160468462}.Debug|Any CPU.Build.0 = Debug|Any CPU
		{3D846904-D4AE-4857-8C04-EF6160468462}.Release|Any CPU.ActiveCfg = Release|Any CPU
		{3D846904-D4AE-4857-8C04-EF6160468462}.Release|Any CPU.Build.0 = Release|Any CPU
		{182ADD16-E0EB-461B-A626-B89D653C15C3}.Debug|Any CPU.ActiveCfg = Debug|Any CPU
		{182ADD16-E0EB-461B-A626-B89D653C15C3}.Debug|Any CPU.Build.0 = Debug|Any CPU
		{182ADD16-E0EB-461B-A626-B89D653C15C3}.Release|Any CPU.ActiveCfg = Release|Any CPU
		{182ADD16-E0EB-461B-A626-B89D653C15C3}.Release|Any CPU.Build.0 = Release|Any CPU
		{311FDAC2-938F-4BD8-B526-71B4CA7DAA73}.Debug|Any CPU.ActiveCfg = Debug|Any CPU
		{311FDAC2-938F-4BD8-B526-71B4CA7DAA73}.Debug|Any CPU.Build.0 = Debug|Any CPU
		{311FDAC2-938F-4BD8-B526-71B4CA7DAA73}.Release|Any CPU.ActiveCfg = Release|Any CPU
		{311FDAC2-938F-4BD8-B526-71B4CA7DAA73}.Release|Any CPU.Build.0 = Release|Any CPU
		{9E6B8994-7A7C-49F1-BE92-C9597E62721F}.Debug|Any CPU.ActiveCfg = Debug|Any CPU
		{9E6B8994-7A7C-49F1-BE92-C9597E62721F}.Debug|Any CPU.Build.0 = Debug|Any CPU
		{9E6B8994-7A7C-49F1-BE92-C9597E62721F}.Release|Any CPU.ActiveCfg = Release|Any CPU
		{9E6B8994-7A7C-49F1-BE92-C9597E62721F}.Release|Any CPU.Build.0 = Release|Any CPU
		{620F7B1A-77AA-48C8-B397-505D776525C9}.Debug|Any CPU.ActiveCfg = Debug|Any CPU
		{620F7B1A-77AA-48C8-B397-505D776525C9}.Debug|Any CPU.Build.0 = Debug|Any CPU
		{620F7B1A-77AA-48C8-B397-505D776525C9}.Release|Any CPU.ActiveCfg = Release|Any CPU
		{620F7B1A-77AA-48C8-B397-505D776525C9}.Release|Any CPU.Build.0 = Release|Any CPU
		{47FE5FE8-91B9-4C78-A6FB-34DFE8B98524}.Debug|Any CPU.ActiveCfg = Debug|Any CPU
		{47FE5FE8-91B9-4C78-A6FB-34DFE8B98524}.Debug|Any CPU.Build.0 = Debug|Any CPU
		{47FE5FE8-91B9-4C78-A6FB-34DFE8B98524}.Release|Any CPU.ActiveCfg = Release|Any CPU
		{47FE5FE8-91B9-4C78-A6FB-34DFE8B98524}.Release|Any CPU.Build.0 = Release|Any CPU
		{26AE697E-C519-415F-B2AE-DCAD2C5B641C}.Debug|Any CPU.ActiveCfg = Debug|Any CPU
		{26AE697E-C519-415F-B2AE-DCAD2C5B641C}.Debug|Any CPU.Build.0 = Debug|Any CPU
		{26AE697E-C519-415F-B2AE-DCAD2C5B641C}.Release|Any CPU.ActiveCfg = Release|Any CPU
		{26AE697E-C519-415F-B2AE-DCAD2C5B641C}.Release|Any CPU.Build.0 = Release|Any CPU
		{C516AE39-B0BE-4993-9C05-8F17D10CA283}.Debug|Any CPU.ActiveCfg = Debug|Any CPU
		{C516AE39-B0BE-4993-9C05-8F17D10CA283}.Debug|Any CPU.Build.0 = Debug|Any CPU
		{C516AE39-B0BE-4993-9C05-8F17D10CA283}.Release|Any CPU.ActiveCfg = Release|Any CPU
		{C516AE39-B0BE-4993-9C05-8F17D10CA283}.Release|Any CPU.Build.0 = Release|Any CPU
		{C1084A49-9136-4B92-8FA1-03C6572C1B6D}.Debug|Any CPU.ActiveCfg = Debug|Any CPU
		{C1084A49-9136-4B92-8FA1-03C6572C1B6D}.Debug|Any CPU.Build.0 = Debug|Any CPU
		{C1084A49-9136-4B92-8FA1-03C6572C1B6D}.Release|Any CPU.ActiveCfg = Release|Any CPU
		{C1084A49-9136-4B92-8FA1-03C6572C1B6D}.Release|Any CPU.Build.0 = Release|Any CPU
		{519D44CE-6248-47C4-8634-E4B49BB07485}.Debug|Any CPU.ActiveCfg = Debug|Any CPU
		{519D44CE-6248-47C4-8634-E4B49BB07485}.Debug|Any CPU.Build.0 = Debug|Any CPU
		{519D44CE-6248-47C4-8634-E4B49BB07485}.Release|Any CPU.ActiveCfg = Release|Any CPU
		{519D44CE-6248-47C4-8634-E4B49BB07485}.Release|Any CPU.Build.0 = Release|Any CPU
		{9B65A5C3-1EF1-474E-94EC-A6DA6C67DA07}.Debug|Any CPU.ActiveCfg = Debug|Any CPU
		{9B65A5C3-1EF1-474E-94EC-A6DA6C67DA07}.Debug|Any CPU.Build.0 = Debug|Any CPU
		{9B65A5C3-1EF1-474E-94EC-A6DA6C67DA07}.Release|Any CPU.ActiveCfg = Release|Any CPU
		{9B65A5C3-1EF1-474E-94EC-A6DA6C67DA07}.Release|Any CPU.Build.0 = Release|Any CPU
		{6899EAAE-AFB8-48FB-92F3-97FED23E4DB0}.Debug|Any CPU.ActiveCfg = Debug|Any CPU
		{6899EAAE-AFB8-48FB-92F3-97FED23E4DB0}.Debug|Any CPU.Build.0 = Debug|Any CPU
		{6899EAAE-AFB8-48FB-92F3-97FED23E4DB0}.Release|Any CPU.ActiveCfg = Release|Any CPU
		{6899EAAE-AFB8-48FB-92F3-97FED23E4DB0}.Release|Any CPU.Build.0 = Release|Any CPU
		{5D47D9BC-5ADA-4533-91EF-236B1A909D7C}.Debug|Any CPU.ActiveCfg = Debug|Any CPU
		{5D47D9BC-5ADA-4533-91EF-236B1A909D7C}.Debug|Any CPU.Build.0 = Debug|Any CPU
		{5D47D9BC-5ADA-4533-91EF-236B1A909D7C}.Release|Any CPU.ActiveCfg = Release|Any CPU
		{5D47D9BC-5ADA-4533-91EF-236B1A909D7C}.Release|Any CPU.Build.0 = Release|Any CPU
		{94C8E1A4-D52B-4AD8-8FBA-AFED93A50A5D}.Debug|Any CPU.ActiveCfg = Debug|Any CPU
		{94C8E1A4-D52B-4AD8-8FBA-AFED93A50A5D}.Debug|Any CPU.Build.0 = Debug|Any CPU
		{94C8E1A4-D52B-4AD8-8FBA-AFED93A50A5D}.Release|Any CPU.ActiveCfg = Release|Any CPU
		{94C8E1A4-D52B-4AD8-8FBA-AFED93A50A5D}.Release|Any CPU.Build.0 = Release|Any CPU
		{9CDEDCCD-E694-4F5C-8AA2-B1B9F55777CD}.Debug|Any CPU.ActiveCfg = Debug|Any CPU
		{9CDEDCCD-E694-4F5C-8AA2-B1B9F55777CD}.Debug|Any CPU.Build.0 = Debug|Any CPU
		{9CDEDCCD-E694-4F5C-8AA2-B1B9F55777CD}.Release|Any CPU.ActiveCfg = Release|Any CPU
		{9CDEDCCD-E694-4F5C-8AA2-B1B9F55777CD}.Release|Any CPU.Build.0 = Release|Any CPU
		{020DE896-AC06-434F-8A7B-CF50CB1715DF}.Debug|Any CPU.ActiveCfg = Debug|Any CPU
		{020DE896-AC06-434F-8A7B-CF50CB1715DF}.Debug|Any CPU.Build.0 = Debug|Any CPU
		{020DE896-AC06-434F-8A7B-CF50CB1715DF}.Release|Any CPU.ActiveCfg = Release|Any CPU
		{020DE896-AC06-434F-8A7B-CF50CB1715DF}.Release|Any CPU.Build.0 = Release|Any CPU
		{072B3891-3B8E-4E26-9312-B407E032DEA0}.Debug|Any CPU.ActiveCfg = Debug|Any CPU
		{072B3891-3B8E-4E26-9312-B407E032DEA0}.Debug|Any CPU.Build.0 = Debug|Any CPU
		{072B3891-3B8E-4E26-9312-B407E032DEA0}.Release|Any CPU.ActiveCfg = Release|Any CPU
		{072B3891-3B8E-4E26-9312-B407E032DEA0}.Release|Any CPU.Build.0 = Release|Any CPU
		{B7105A85-0A20-46B0-8917-1E443847C557}.Debug|Any CPU.ActiveCfg = Debug|Any CPU
		{B7105A85-0A20-46B0-8917-1E443847C557}.Debug|Any CPU.Build.0 = Debug|Any CPU
		{B7105A85-0A20-46B0-8917-1E443847C557}.Release|Any CPU.ActiveCfg = Release|Any CPU
		{B7105A85-0A20-46B0-8917-1E443847C557}.Release|Any CPU.Build.0 = Release|Any CPU
		{5DAF1591-6659-46CB-8AB2-9CF85EB8A761}.Debug|Any CPU.ActiveCfg = Debug|Any CPU
		{5DAF1591-6659-46CB-8AB2-9CF85EB8A761}.Debug|Any CPU.Build.0 = Debug|Any CPU
		{5DAF1591-6659-46CB-8AB2-9CF85EB8A761}.Release|Any CPU.ActiveCfg = Release|Any CPU
		{5DAF1591-6659-46CB-8AB2-9CF85EB8A761}.Release|Any CPU.Build.0 = Release|Any CPU
		{51BFA612-3BD4-4406-ACA1-CA71AE3FBD9C}.Debug|Any CPU.ActiveCfg = Debug|Any CPU
		{51BFA612-3BD4-4406-ACA1-CA71AE3FBD9C}.Debug|Any CPU.Build.0 = Debug|Any CPU
		{51BFA612-3BD4-4406-ACA1-CA71AE3FBD9C}.Release|Any CPU.ActiveCfg = Release|Any CPU
		{51BFA612-3BD4-4406-ACA1-CA71AE3FBD9C}.Release|Any CPU.Build.0 = Release|Any CPU
		{16C268F6-7E71-49C1-BAA0-21CD2718DACB}.Debug|Any CPU.ActiveCfg = Debug|Any CPU
		{16C268F6-7E71-49C1-BAA0-21CD2718DACB}.Debug|Any CPU.Build.0 = Debug|Any CPU
		{16C268F6-7E71-49C1-BAA0-21CD2718DACB}.Release|Any CPU.ActiveCfg = Release|Any CPU
		{16C268F6-7E71-49C1-BAA0-21CD2718DACB}.Release|Any CPU.Build.0 = Release|Any CPU
		{C8CB4240-0BDE-424C-B3C0-605D6644FB37}.Debug|Any CPU.ActiveCfg = Debug|Any CPU
		{C8CB4240-0BDE-424C-B3C0-605D6644FB37}.Debug|Any CPU.Build.0 = Debug|Any CPU
		{C8CB4240-0BDE-424C-B3C0-605D6644FB37}.Release|Any CPU.ActiveCfg = Release|Any CPU
		{C8CB4240-0BDE-424C-B3C0-605D6644FB37}.Release|Any CPU.Build.0 = Release|Any CPU
		{DA0D22F5-4D43-42DF-B18B-C2418CDB1C5C}.Debug|Any CPU.ActiveCfg = Debug|Any CPU
		{DA0D22F5-4D43-42DF-B18B-C2418CDB1C5C}.Debug|Any CPU.Build.0 = Debug|Any CPU
		{DA0D22F5-4D43-42DF-B18B-C2418CDB1C5C}.Release|Any CPU.ActiveCfg = Release|Any CPU
		{DA0D22F5-4D43-42DF-B18B-C2418CDB1C5C}.Release|Any CPU.Build.0 = Release|Any CPU
		{C4D55193-A99B-4A28-AC00-241CD0B5A028}.Debug|Any CPU.ActiveCfg = Debug|Any CPU
		{C4D55193-A99B-4A28-AC00-241CD0B5A028}.Debug|Any CPU.Build.0 = Debug|Any CPU
		{C4D55193-A99B-4A28-AC00-241CD0B5A028}.Release|Any CPU.ActiveCfg = Release|Any CPU
		{C4D55193-A99B-4A28-AC00-241CD0B5A028}.Release|Any CPU.Build.0 = Release|Any CPU
		{CCA0398C-FEDC-4A80-8876-21E5C873B0A6}.Debug|Any CPU.ActiveCfg = Debug|Any CPU
		{CCA0398C-FEDC-4A80-8876-21E5C873B0A6}.Debug|Any CPU.Build.0 = Debug|Any CPU
		{CCA0398C-FEDC-4A80-8876-21E5C873B0A6}.Release|Any CPU.ActiveCfg = Release|Any CPU
		{CCA0398C-FEDC-4A80-8876-21E5C873B0A6}.Release|Any CPU.Build.0 = Release|Any CPU
		{84D4444F-FF09-46AF-A400-64A5EE511EBA}.Debug|Any CPU.ActiveCfg = Debug|Any CPU
		{84D4444F-FF09-46AF-A400-64A5EE511EBA}.Debug|Any CPU.Build.0 = Debug|Any CPU
		{84D4444F-FF09-46AF-A400-64A5EE511EBA}.Release|Any CPU.ActiveCfg = Release|Any CPU
		{84D4444F-FF09-46AF-A400-64A5EE511EBA}.Release|Any CPU.Build.0 = Release|Any CPU
		{CD904EDD-ACBD-4FEE-B4A9-BC4DE1AFD374}.Debug|Any CPU.ActiveCfg = Debug|Any CPU
		{CD904EDD-ACBD-4FEE-B4A9-BC4DE1AFD374}.Debug|Any CPU.Build.0 = Debug|Any CPU
		{CD904EDD-ACBD-4FEE-B4A9-BC4DE1AFD374}.Release|Any CPU.ActiveCfg = Release|Any CPU
		{CD904EDD-ACBD-4FEE-B4A9-BC4DE1AFD374}.Release|Any CPU.Build.0 = Release|Any CPU
		{4760CEA8-B494-48B2-964F-6F4DA1455001}.Debug|Any CPU.ActiveCfg = Debug|Any CPU
		{4760CEA8-B494-48B2-964F-6F4DA1455001}.Debug|Any CPU.Build.0 = Debug|Any CPU
		{4760CEA8-B494-48B2-964F-6F4DA1455001}.Release|Any CPU.ActiveCfg = Release|Any CPU
		{4760CEA8-B494-48B2-964F-6F4DA1455001}.Release|Any CPU.Build.0 = Release|Any CPU
		{94BE4E7D-0121-4FFF-8536-E41DA3E5F78F}.Debug|Any CPU.ActiveCfg = Debug|Any CPU
		{94BE4E7D-0121-4FFF-8536-E41DA3E5F78F}.Debug|Any CPU.Build.0 = Debug|Any CPU
		{94BE4E7D-0121-4FFF-8536-E41DA3E5F78F}.Release|Any CPU.ActiveCfg = Release|Any CPU
		{94BE4E7D-0121-4FFF-8536-E41DA3E5F78F}.Release|Any CPU.Build.0 = Release|Any CPU
		{B7358966-C54B-4F0E-B601-BCBCF2938D2C}.Debug|Any CPU.ActiveCfg = Debug|Any CPU
		{B7358966-C54B-4F0E-B601-BCBCF2938D2C}.Debug|Any CPU.Build.0 = Debug|Any CPU
		{B7358966-C54B-4F0E-B601-BCBCF2938D2C}.Release|Any CPU.ActiveCfg = Release|Any CPU
		{B7358966-C54B-4F0E-B601-BCBCF2938D2C}.Release|Any CPU.Build.0 = Release|Any CPU
		{E62D7B79-A067-40F5-928E-B6926950C761}.Debug|Any CPU.ActiveCfg = Debug|Any CPU
		{E62D7B79-A067-40F5-928E-B6926950C761}.Debug|Any CPU.Build.0 = Debug|Any CPU
		{E62D7B79-A067-40F5-928E-B6926950C761}.Release|Any CPU.ActiveCfg = Release|Any CPU
		{E62D7B79-A067-40F5-928E-B6926950C761}.Release|Any CPU.Build.0 = Release|Any CPU
		{0366A0D0-0834-4DD2-BA3A-EB67B4975A47}.Debug|Any CPU.ActiveCfg = Debug|Any CPU
		{0366A0D0-0834-4DD2-BA3A-EB67B4975A47}.Debug|Any CPU.Build.0 = Debug|Any CPU
		{0366A0D0-0834-4DD2-BA3A-EB67B4975A47}.Release|Any CPU.ActiveCfg = Release|Any CPU
		{0366A0D0-0834-4DD2-BA3A-EB67B4975A47}.Release|Any CPU.Build.0 = Release|Any CPU
		{3EA63756-6B3D-4409-A13B-12394AD32631}.Debug|Any CPU.ActiveCfg = Debug|Any CPU
		{3EA63756-6B3D-4409-A13B-12394AD32631}.Debug|Any CPU.Build.0 = Debug|Any CPU
		{3EA63756-6B3D-4409-A13B-12394AD32631}.Release|Any CPU.ActiveCfg = Release|Any CPU
		{3EA63756-6B3D-4409-A13B-12394AD32631}.Release|Any CPU.Build.0 = Release|Any CPU
		{3541AD11-A1B2-4CFE-9FB5-A57B947579CF}.Debug|Any CPU.ActiveCfg = Debug|Any CPU
		{3541AD11-A1B2-4CFE-9FB5-A57B947579CF}.Debug|Any CPU.Build.0 = Debug|Any CPU
		{3541AD11-A1B2-4CFE-9FB5-A57B947579CF}.Release|Any CPU.ActiveCfg = Release|Any CPU
		{3541AD11-A1B2-4CFE-9FB5-A57B947579CF}.Release|Any CPU.Build.0 = Release|Any CPU
		{9EAD7026-36BD-4244-99A7-F06851F8E92A}.Debug|Any CPU.ActiveCfg = Debug|Any CPU
		{9EAD7026-36BD-4244-99A7-F06851F8E92A}.Debug|Any CPU.Build.0 = Debug|Any CPU
		{9EAD7026-36BD-4244-99A7-F06851F8E92A}.Release|Any CPU.ActiveCfg = Release|Any CPU
		{9EAD7026-36BD-4244-99A7-F06851F8E92A}.Release|Any CPU.Build.0 = Release|Any CPU
		{50634CEC-39D1-4980-85C2-A5B32DDCCA29}.Debug|Any CPU.ActiveCfg = Debug|Any CPU
		{50634CEC-39D1-4980-85C2-A5B32DDCCA29}.Debug|Any CPU.Build.0 = Debug|Any CPU
		{50634CEC-39D1-4980-85C2-A5B32DDCCA29}.Release|Any CPU.ActiveCfg = Release|Any CPU
		{50634CEC-39D1-4980-85C2-A5B32DDCCA29}.Release|Any CPU.Build.0 = Release|Any CPU
		{C0E28039-E535-47C4-BD83-F2B2A6D49DF5}.Debug|Any CPU.ActiveCfg = Debug|Any CPU
		{C0E28039-E535-47C4-BD83-F2B2A6D49DF5}.Debug|Any CPU.Build.0 = Debug|Any CPU
		{C0E28039-E535-47C4-BD83-F2B2A6D49DF5}.Release|Any CPU.ActiveCfg = Release|Any CPU
		{C0E28039-E535-47C4-BD83-F2B2A6D49DF5}.Release|Any CPU.Build.0 = Release|Any CPU
		{D9C21590-7D0C-4AF1-BFCF-672A4D6AACC5}.Debug|Any CPU.ActiveCfg = Debug|Any CPU
		{D9C21590-7D0C-4AF1-BFCF-672A4D6AACC5}.Debug|Any CPU.Build.0 = Debug|Any CPU
		{D9C21590-7D0C-4AF1-BFCF-672A4D6AACC5}.Release|Any CPU.ActiveCfg = Release|Any CPU
		{D9C21590-7D0C-4AF1-BFCF-672A4D6AACC5}.Release|Any CPU.Build.0 = Release|Any CPU
		{8E3654F9-BB35-4006-B95A-31026D70FF20}.Debug|Any CPU.ActiveCfg = Debug|Any CPU
		{8E3654F9-BB35-4006-B95A-31026D70FF20}.Debug|Any CPU.Build.0 = Debug|Any CPU
		{8E3654F9-BB35-4006-B95A-31026D70FF20}.Release|Any CPU.ActiveCfg = Release|Any CPU
		{8E3654F9-BB35-4006-B95A-31026D70FF20}.Release|Any CPU.Build.0 = Release|Any CPU
		{32DEA565-CEE2-40DE-A0EB-F9FB4524513C}.Debug|Any CPU.ActiveCfg = Debug|Any CPU
		{32DEA565-CEE2-40DE-A0EB-F9FB4524513C}.Debug|Any CPU.Build.0 = Debug|Any CPU
		{32DEA565-CEE2-40DE-A0EB-F9FB4524513C}.Release|Any CPU.ActiveCfg = Release|Any CPU
		{32DEA565-CEE2-40DE-A0EB-F9FB4524513C}.Release|Any CPU.Build.0 = Release|Any CPU
		{1EAEA73C-7175-44EC-8A39-5A4738E91DFA}.Debug|Any CPU.ActiveCfg = Debug|Any CPU
		{1EAEA73C-7175-44EC-8A39-5A4738E91DFA}.Debug|Any CPU.Build.0 = Debug|Any CPU
		{1EAEA73C-7175-44EC-8A39-5A4738E91DFA}.Release|Any CPU.ActiveCfg = Release|Any CPU
		{1EAEA73C-7175-44EC-8A39-5A4738E91DFA}.Release|Any CPU.Build.0 = Release|Any CPU
		{2E56423D-0139-4EFF-A09B-289A4231045D}.Debug|Any CPU.ActiveCfg = Debug|Any CPU
		{2E56423D-0139-4EFF-A09B-289A4231045D}.Debug|Any CPU.Build.0 = Debug|Any CPU
		{2E56423D-0139-4EFF-A09B-289A4231045D}.Release|Any CPU.ActiveCfg = Release|Any CPU
		{2E56423D-0139-4EFF-A09B-289A4231045D}.Release|Any CPU.Build.0 = Release|Any CPU
		{D59018BA-7C9A-4B0E-A8F8-E329EC4F166B}.Debug|Any CPU.ActiveCfg = Debug|Any CPU
		{D59018BA-7C9A-4B0E-A8F8-E329EC4F166B}.Debug|Any CPU.Build.0 = Debug|Any CPU
		{D59018BA-7C9A-4B0E-A8F8-E329EC4F166B}.Release|Any CPU.ActiveCfg = Release|Any CPU
		{D59018BA-7C9A-4B0E-A8F8-E329EC4F166B}.Release|Any CPU.Build.0 = Release|Any CPU
		{2B9840E6-C14D-479A-A922-A264150906BC}.Debug|Any CPU.ActiveCfg = Debug|Any CPU
		{2B9840E6-C14D-479A-A922-A264150906BC}.Debug|Any CPU.Build.0 = Debug|Any CPU
		{2B9840E6-C14D-479A-A922-A264150906BC}.Release|Any CPU.ActiveCfg = Release|Any CPU
		{2B9840E6-C14D-479A-A922-A264150906BC}.Release|Any CPU.Build.0 = Release|Any CPU
		{0E04DC74-E5FC-43A3-85CB-8FEC5739C2B1}.Debug|Any CPU.ActiveCfg = Debug|Any CPU
		{0E04DC74-E5FC-43A3-85CB-8FEC5739C2B1}.Debug|Any CPU.Build.0 = Debug|Any CPU
		{0E04DC74-E5FC-43A3-85CB-8FEC5739C2B1}.Release|Any CPU.ActiveCfg = Release|Any CPU
		{0E04DC74-E5FC-43A3-85CB-8FEC5739C2B1}.Release|Any CPU.Build.0 = Release|Any CPU
		{7F35F8C7-7053-4668-A079-3FD990F42E61}.Debug|Any CPU.ActiveCfg = Debug|Any CPU
		{7F35F8C7-7053-4668-A079-3FD990F42E61}.Debug|Any CPU.Build.0 = Debug|Any CPU
		{7F35F8C7-7053-4668-A079-3FD990F42E61}.Release|Any CPU.ActiveCfg = Release|Any CPU
		{7F35F8C7-7053-4668-A079-3FD990F42E61}.Release|Any CPU.Build.0 = Release|Any CPU
		{E7881C58-9FEA-478F-B73A-748F521E130B}.Debug|Any CPU.ActiveCfg = Debug|Any CPU
		{E7881C58-9FEA-478F-B73A-748F521E130B}.Debug|Any CPU.Build.0 = Debug|Any CPU
		{E7881C58-9FEA-478F-B73A-748F521E130B}.Release|Any CPU.ActiveCfg = Release|Any CPU
		{E7881C58-9FEA-478F-B73A-748F521E130B}.Release|Any CPU.Build.0 = Release|Any CPU
		{B0208A70-EAB3-432B-9E97-A0E5B0C4FFB7}.Debug|Any CPU.ActiveCfg = Debug|Any CPU
		{B0208A70-EAB3-432B-9E97-A0E5B0C4FFB7}.Debug|Any CPU.Build.0 = Debug|Any CPU
		{B0208A70-EAB3-432B-9E97-A0E5B0C4FFB7}.Release|Any CPU.ActiveCfg = Release|Any CPU
		{B0208A70-EAB3-432B-9E97-A0E5B0C4FFB7}.Release|Any CPU.Build.0 = Release|Any CPU
		{B29DBF67-C76A-4B04-A180-03B5C6B15F33}.Debug|Any CPU.ActiveCfg = Debug|Any CPU
		{B29DBF67-C76A-4B04-A180-03B5C6B15F33}.Debug|Any CPU.Build.0 = Debug|Any CPU
		{B29DBF67-C76A-4B04-A180-03B5C6B15F33}.Release|Any CPU.ActiveCfg = Release|Any CPU
		{B29DBF67-C76A-4B04-A180-03B5C6B15F33}.Release|Any CPU.Build.0 = Release|Any CPU
		{4763C22E-64BF-410F-80EF-0B625A1264A2}.Debug|Any CPU.ActiveCfg = Debug|Any CPU
		{4763C22E-64BF-410F-80EF-0B625A1264A2}.Debug|Any CPU.Build.0 = Debug|Any CPU
		{4763C22E-64BF-410F-80EF-0B625A1264A2}.Release|Any CPU.ActiveCfg = Release|Any CPU
		{4763C22E-64BF-410F-80EF-0B625A1264A2}.Release|Any CPU.Build.0 = Release|Any CPU
		{C5FC0B72-22C3-43A4-99D6-F6845D403AD5}.Debug|Any CPU.ActiveCfg = Debug|Any CPU
		{C5FC0B72-22C3-43A4-99D6-F6845D403AD5}.Debug|Any CPU.Build.0 = Debug|Any CPU
		{C5FC0B72-22C3-43A4-99D6-F6845D403AD5}.Release|Any CPU.ActiveCfg = Release|Any CPU
		{C5FC0B72-22C3-43A4-99D6-F6845D403AD5}.Release|Any CPU.Build.0 = Release|Any CPU
		{783CFA43-2DAC-498E-B773-061BDB49A8F2}.Debug|Any CPU.ActiveCfg = Debug|Any CPU
		{783CFA43-2DAC-498E-B773-061BDB49A8F2}.Debug|Any CPU.Build.0 = Debug|Any CPU
		{783CFA43-2DAC-498E-B773-061BDB49A8F2}.Release|Any CPU.ActiveCfg = Release|Any CPU
		{783CFA43-2DAC-498E-B773-061BDB49A8F2}.Release|Any CPU.Build.0 = Release|Any CPU
		{8AC017CB-A4C7-4505-9C86-5E851B56EB31}.Debug|Any CPU.ActiveCfg = Debug|Any CPU
		{8AC017CB-A4C7-4505-9C86-5E851B56EB31}.Debug|Any CPU.Build.0 = Debug|Any CPU
		{8AC017CB-A4C7-4505-9C86-5E851B56EB31}.Release|Any CPU.ActiveCfg = Release|Any CPU
		{8AC017CB-A4C7-4505-9C86-5E851B56EB31}.Release|Any CPU.Build.0 = Release|Any CPU
		{AB253621-2311-4A2E-8DA0-31A79E2BE27A}.Debug|Any CPU.ActiveCfg = Debug|Any CPU
		{AB253621-2311-4A2E-8DA0-31A79E2BE27A}.Debug|Any CPU.Build.0 = Debug|Any CPU
		{AB253621-2311-4A2E-8DA0-31A79E2BE27A}.Release|Any CPU.ActiveCfg = Release|Any CPU
		{AB253621-2311-4A2E-8DA0-31A79E2BE27A}.Release|Any CPU.Build.0 = Release|Any CPU
		{653EF875-04AA-47A6-8C50-60778C05592B}.Debug|Any CPU.ActiveCfg = Debug|Any CPU
		{653EF875-04AA-47A6-8C50-60778C05592B}.Debug|Any CPU.Build.0 = Debug|Any CPU
		{653EF875-04AA-47A6-8C50-60778C05592B}.Release|Any CPU.ActiveCfg = Release|Any CPU
		{653EF875-04AA-47A6-8C50-60778C05592B}.Release|Any CPU.Build.0 = Release|Any CPU
		{63AC5AA1-5FE9-4DA6-ABC6-98C7FAAC1E33}.Debug|Any CPU.ActiveCfg = Debug|Any CPU
		{63AC5AA1-5FE9-4DA6-ABC6-98C7FAAC1E33}.Debug|Any CPU.Build.0 = Debug|Any CPU
		{63AC5AA1-5FE9-4DA6-ABC6-98C7FAAC1E33}.Release|Any CPU.ActiveCfg = Release|Any CPU
		{63AC5AA1-5FE9-4DA6-ABC6-98C7FAAC1E33}.Release|Any CPU.Build.0 = Release|Any CPU
		{75863F35-3F86-4A4E-9AAF-E327D159761F}.Debug|Any CPU.ActiveCfg = Debug|Any CPU
		{75863F35-3F86-4A4E-9AAF-E327D159761F}.Debug|Any CPU.Build.0 = Debug|Any CPU
		{75863F35-3F86-4A4E-9AAF-E327D159761F}.Release|Any CPU.ActiveCfg = Release|Any CPU
		{75863F35-3F86-4A4E-9AAF-E327D159761F}.Release|Any CPU.Build.0 = Release|Any CPU
		{BA52ECBD-5E2B-4DAF-A32F-FF90C540CDD3}.Debug|Any CPU.ActiveCfg = Debug|Any CPU
		{BA52ECBD-5E2B-4DAF-A32F-FF90C540CDD3}.Debug|Any CPU.Build.0 = Debug|Any CPU
		{BA52ECBD-5E2B-4DAF-A32F-FF90C540CDD3}.Release|Any CPU.ActiveCfg = Release|Any CPU
		{BA52ECBD-5E2B-4DAF-A32F-FF90C540CDD3}.Release|Any CPU.Build.0 = Release|Any CPU
		{53018C8A-4546-454A-8196-B9A82F862844}.Debug|Any CPU.ActiveCfg = Debug|Any CPU
		{53018C8A-4546-454A-8196-B9A82F862844}.Debug|Any CPU.Build.0 = Debug|Any CPU
		{53018C8A-4546-454A-8196-B9A82F862844}.Release|Any CPU.ActiveCfg = Release|Any CPU
		{53018C8A-4546-454A-8196-B9A82F862844}.Release|Any CPU.Build.0 = Release|Any CPU
		{92B5EC02-57C6-48A1-B0F2-85431D4AC13C}.Debug|Any CPU.ActiveCfg = Debug|Any CPU
		{92B5EC02-57C6-48A1-B0F2-85431D4AC13C}.Debug|Any CPU.Build.0 = Debug|Any CPU
		{92B5EC02-57C6-48A1-B0F2-85431D4AC13C}.Release|Any CPU.ActiveCfg = Release|Any CPU
		{92B5EC02-57C6-48A1-B0F2-85431D4AC13C}.Release|Any CPU.Build.0 = Release|Any CPU
		{95398225-4FD0-42BD-ABD7-9A33F908DF69}.Debug|Any CPU.ActiveCfg = Debug|Any CPU
		{95398225-4FD0-42BD-ABD7-9A33F908DF69}.Debug|Any CPU.Build.0 = Debug|Any CPU
		{95398225-4FD0-42BD-ABD7-9A33F908DF69}.Release|Any CPU.ActiveCfg = Release|Any CPU
		{95398225-4FD0-42BD-ABD7-9A33F908DF69}.Release|Any CPU.Build.0 = Release|Any CPU
		{7923F927-D067-4448-84BD-462CE8664030}.Debug|Any CPU.ActiveCfg = Debug|Any CPU
		{7923F927-D067-4448-84BD-462CE8664030}.Debug|Any CPU.Build.0 = Debug|Any CPU
		{7923F927-D067-4448-84BD-462CE8664030}.Release|Any CPU.ActiveCfg = Release|Any CPU
		{7923F927-D067-4448-84BD-462CE8664030}.Release|Any CPU.Build.0 = Release|Any CPU
		{4A4DBEA4-621C-418E-B160-ACC7511F7AA1}.Debug|Any CPU.ActiveCfg = Debug|Any CPU
		{4A4DBEA4-621C-418E-B160-ACC7511F7AA1}.Debug|Any CPU.Build.0 = Debug|Any CPU
		{4A4DBEA4-621C-418E-B160-ACC7511F7AA1}.Release|Any CPU.ActiveCfg = Release|Any CPU
		{4A4DBEA4-621C-418E-B160-ACC7511F7AA1}.Release|Any CPU.Build.0 = Release|Any CPU
		{865A28A6-9D34-4CA8-BDEC-5B5C6768F8AC}.Debug|Any CPU.ActiveCfg = Debug|Any CPU
		{865A28A6-9D34-4CA8-BDEC-5B5C6768F8AC}.Debug|Any CPU.Build.0 = Debug|Any CPU
		{865A28A6-9D34-4CA8-BDEC-5B5C6768F8AC}.Release|Any CPU.ActiveCfg = Release|Any CPU
		{865A28A6-9D34-4CA8-BDEC-5B5C6768F8AC}.Release|Any CPU.Build.0 = Release|Any CPU
		{2228ABA3-72BF-47AB-8418-34EE93F3D1E9}.Debug|Any CPU.ActiveCfg = Debug|Any CPU
		{2228ABA3-72BF-47AB-8418-34EE93F3D1E9}.Debug|Any CPU.Build.0 = Debug|Any CPU
		{2228ABA3-72BF-47AB-8418-34EE93F3D1E9}.Release|Any CPU.ActiveCfg = Release|Any CPU
		{2228ABA3-72BF-47AB-8418-34EE93F3D1E9}.Release|Any CPU.Build.0 = Release|Any CPU
		{9467BE98-4071-4E8E-BCC2-359543A8BD24}.Debug|Any CPU.ActiveCfg = Debug|Any CPU
		{9467BE98-4071-4E8E-BCC2-359543A8BD24}.Debug|Any CPU.Build.0 = Debug|Any CPU
		{9467BE98-4071-4E8E-BCC2-359543A8BD24}.Release|Any CPU.ActiveCfg = Release|Any CPU
		{9467BE98-4071-4E8E-BCC2-359543A8BD24}.Release|Any CPU.Build.0 = Release|Any CPU
		{E13772E3-C032-4020-9CAE-8CC3E8E49CE5}.Debug|Any CPU.ActiveCfg = Debug|Any CPU
		{E13772E3-C032-4020-9CAE-8CC3E8E49CE5}.Debug|Any CPU.Build.0 = Debug|Any CPU
		{E13772E3-C032-4020-9CAE-8CC3E8E49CE5}.Release|Any CPU.ActiveCfg = Release|Any CPU
		{E13772E3-C032-4020-9CAE-8CC3E8E49CE5}.Release|Any CPU.Build.0 = Release|Any CPU
		{5213A750-EA48-4FB1-AD9A-74BDC3FBCF8A}.Debug|Any CPU.ActiveCfg = Debug|Any CPU
		{5213A750-EA48-4FB1-AD9A-74BDC3FBCF8A}.Debug|Any CPU.Build.0 = Debug|Any CPU
		{5213A750-EA48-4FB1-AD9A-74BDC3FBCF8A}.Release|Any CPU.ActiveCfg = Release|Any CPU
		{5213A750-EA48-4FB1-AD9A-74BDC3FBCF8A}.Release|Any CPU.Build.0 = Release|Any CPU
		{FAF89F15-C870-4473-B1CE-BC7EF44225B5}.Debug|Any CPU.ActiveCfg = Debug|Any CPU
		{FAF89F15-C870-4473-B1CE-BC7EF44225B5}.Debug|Any CPU.Build.0 = Debug|Any CPU
		{FAF89F15-C870-4473-B1CE-BC7EF44225B5}.Release|Any CPU.ActiveCfg = Release|Any CPU
		{FAF89F15-C870-4473-B1CE-BC7EF44225B5}.Release|Any CPU.Build.0 = Release|Any CPU
		{75867FA4-313A-4FD5-AC46-FECA74F3F511}.Debug|Any CPU.ActiveCfg = Debug|Any CPU
		{75867FA4-313A-4FD5-AC46-FECA74F3F511}.Debug|Any CPU.Build.0 = Debug|Any CPU
		{75867FA4-313A-4FD5-AC46-FECA74F3F511}.Release|Any CPU.ActiveCfg = Release|Any CPU
		{75867FA4-313A-4FD5-AC46-FECA74F3F511}.Release|Any CPU.Build.0 = Release|Any CPU
		{847FA675-C884-48C0-A9E3-D9B3921D663B}.Debug|Any CPU.ActiveCfg = Debug|Any CPU
		{847FA675-C884-48C0-A9E3-D9B3921D663B}.Debug|Any CPU.Build.0 = Debug|Any CPU
		{847FA675-C884-48C0-A9E3-D9B3921D663B}.Release|Any CPU.ActiveCfg = Release|Any CPU
		{847FA675-C884-48C0-A9E3-D9B3921D663B}.Release|Any CPU.Build.0 = Release|Any CPU
		{EE7D46EF-85EB-4C45-9BBB-F3F060235762}.Debug|Any CPU.ActiveCfg = Debug|Any CPU
		{EE7D46EF-85EB-4C45-9BBB-F3F060235762}.Debug|Any CPU.Build.0 = Debug|Any CPU
		{EE7D46EF-85EB-4C45-9BBB-F3F060235762}.Release|Any CPU.ActiveCfg = Release|Any CPU
		{EE7D46EF-85EB-4C45-9BBB-F3F060235762}.Release|Any CPU.Build.0 = Release|Any CPU
		{C420B360-8DD5-4A6F-9A73-391B2B212139}.Debug|Any CPU.ActiveCfg = Debug|Any CPU
		{C420B360-8DD5-4A6F-9A73-391B2B212139}.Debug|Any CPU.Build.0 = Debug|Any CPU
		{C420B360-8DD5-4A6F-9A73-391B2B212139}.Release|Any CPU.ActiveCfg = Release|Any CPU
		{C420B360-8DD5-4A6F-9A73-391B2B212139}.Release|Any CPU.Build.0 = Release|Any CPU
		{002BC98D-ECCA-4C77-BF7B-E481B209B8D6}.Debug|Any CPU.ActiveCfg = Debug|Any CPU
		{002BC98D-ECCA-4C77-BF7B-E481B209B8D6}.Debug|Any CPU.Build.0 = Debug|Any CPU
		{002BC98D-ECCA-4C77-BF7B-E481B209B8D6}.Release|Any CPU.ActiveCfg = Release|Any CPU
		{002BC98D-ECCA-4C77-BF7B-E481B209B8D6}.Release|Any CPU.Build.0 = Release|Any CPU
		{FC87B789-B02A-49D6-84D1-5F02E5298216}.Debug|Any CPU.ActiveCfg = Debug|Any CPU
		{FC87B789-B02A-49D6-84D1-5F02E5298216}.Debug|Any CPU.Build.0 = Debug|Any CPU
		{FC87B789-B02A-49D6-84D1-5F02E5298216}.Release|Any CPU.ActiveCfg = Release|Any CPU
		{FC87B789-B02A-49D6-84D1-5F02E5298216}.Release|Any CPU.Build.0 = Release|Any CPU
		{4A17E4C9-0715-4446-AD0A-54950419F42D}.Debug|Any CPU.ActiveCfg = Debug|Any CPU
		{4A17E4C9-0715-4446-AD0A-54950419F42D}.Debug|Any CPU.Build.0 = Debug|Any CPU
		{4A17E4C9-0715-4446-AD0A-54950419F42D}.Release|Any CPU.ActiveCfg = Release|Any CPU
		{4A17E4C9-0715-4446-AD0A-54950419F42D}.Release|Any CPU.Build.0 = Release|Any CPU
		{B54E839C-F01E-4F60-B67A-67A782610B74}.Debug|Any CPU.ActiveCfg = Debug|Any CPU
		{B54E839C-F01E-4F60-B67A-67A782610B74}.Debug|Any CPU.Build.0 = Debug|Any CPU
		{B54E839C-F01E-4F60-B67A-67A782610B74}.Release|Any CPU.ActiveCfg = Release|Any CPU
		{B54E839C-F01E-4F60-B67A-67A782610B74}.Release|Any CPU.Build.0 = Release|Any CPU
		{22956DCB-68CF-43F0-9758-D797B2CC9575}.Debug|Any CPU.ActiveCfg = Debug|Any CPU
		{22956DCB-68CF-43F0-9758-D797B2CC9575}.Debug|Any CPU.Build.0 = Debug|Any CPU
		{22956DCB-68CF-43F0-9758-D797B2CC9575}.Release|Any CPU.ActiveCfg = Release|Any CPU
		{22956DCB-68CF-43F0-9758-D797B2CC9575}.Release|Any CPU.Build.0 = Release|Any CPU
		{1370EBA4-D297-4665-9E64-2ED4474F742F}.Debug|Any CPU.ActiveCfg = Debug|Any CPU
		{1370EBA4-D297-4665-9E64-2ED4474F742F}.Debug|Any CPU.Build.0 = Debug|Any CPU
		{1370EBA4-D297-4665-9E64-2ED4474F742F}.Release|Any CPU.ActiveCfg = Release|Any CPU
		{1370EBA4-D297-4665-9E64-2ED4474F742F}.Release|Any CPU.Build.0 = Release|Any CPU
		{801C2B6A-09D7-4056-8523-56E055BE452A}.Debug|Any CPU.ActiveCfg = Debug|Any CPU
		{801C2B6A-09D7-4056-8523-56E055BE452A}.Debug|Any CPU.Build.0 = Debug|Any CPU
		{801C2B6A-09D7-4056-8523-56E055BE452A}.Release|Any CPU.ActiveCfg = Release|Any CPU
		{801C2B6A-09D7-4056-8523-56E055BE452A}.Release|Any CPU.Build.0 = Release|Any CPU
		{6AFB81BC-0D38-4963-A8BA-31D246ACD9DC}.Debug|Any CPU.ActiveCfg = Debug|Any CPU
		{6AFB81BC-0D38-4963-A8BA-31D246ACD9DC}.Debug|Any CPU.Build.0 = Debug|Any CPU
		{6AFB81BC-0D38-4963-A8BA-31D246ACD9DC}.Release|Any CPU.ActiveCfg = Release|Any CPU
		{6AFB81BC-0D38-4963-A8BA-31D246ACD9DC}.Release|Any CPU.Build.0 = Release|Any CPU
		{594E9013-3952-4328-BD3E-42DD3D6CE176}.Debug|Any CPU.ActiveCfg = Debug|Any CPU
		{594E9013-3952-4328-BD3E-42DD3D6CE176}.Debug|Any CPU.Build.0 = Debug|Any CPU
		{594E9013-3952-4328-BD3E-42DD3D6CE176}.Release|Any CPU.ActiveCfg = Release|Any CPU
		{594E9013-3952-4328-BD3E-42DD3D6CE176}.Release|Any CPU.Build.0 = Release|Any CPU
		{3F51CA39-7020-43D1-9283-DA03620DF88A}.Debug|Any CPU.ActiveCfg = Debug|Any CPU
		{3F51CA39-7020-43D1-9283-DA03620DF88A}.Debug|Any CPU.Build.0 = Debug|Any CPU
		{3F51CA39-7020-43D1-9283-DA03620DF88A}.Release|Any CPU.ActiveCfg = Release|Any CPU
		{3F51CA39-7020-43D1-9283-DA03620DF88A}.Release|Any CPU.Build.0 = Release|Any CPU
		{C3A20523-0383-4E2A-8FF6-8FA823D80364}.Debug|Any CPU.ActiveCfg = Debug|Any CPU
		{C3A20523-0383-4E2A-8FF6-8FA823D80364}.Debug|Any CPU.Build.0 = Debug|Any CPU
		{C3A20523-0383-4E2A-8FF6-8FA823D80364}.Release|Any CPU.ActiveCfg = Release|Any CPU
		{C3A20523-0383-4E2A-8FF6-8FA823D80364}.Release|Any CPU.Build.0 = Release|Any CPU
		{09139CDA-43F4-437C-980C-37209E5A8299}.Debug|Any CPU.ActiveCfg = Debug|Any CPU
		{09139CDA-43F4-437C-980C-37209E5A8299}.Debug|Any CPU.Build.0 = Debug|Any CPU
		{09139CDA-43F4-437C-980C-37209E5A8299}.Release|Any CPU.ActiveCfg = Release|Any CPU
		{09139CDA-43F4-437C-980C-37209E5A8299}.Release|Any CPU.Build.0 = Release|Any CPU
		{2B44D049-2A8B-47AB-B61D-84B6F0D8779C}.Debug|Any CPU.ActiveCfg = Debug|Any CPU
		{2B44D049-2A8B-47AB-B61D-84B6F0D8779C}.Debug|Any CPU.Build.0 = Debug|Any CPU
		{2B44D049-2A8B-47AB-B61D-84B6F0D8779C}.Release|Any CPU.ActiveCfg = Release|Any CPU
		{2B44D049-2A8B-47AB-B61D-84B6F0D8779C}.Release|Any CPU.Build.0 = Release|Any CPU
		{5220F278-99D2-45D9-8A4A-BFA0CF380461}.Debug|Any CPU.ActiveCfg = Debug|Any CPU
		{5220F278-99D2-45D9-8A4A-BFA0CF380461}.Debug|Any CPU.Build.0 = Debug|Any CPU
		{5220F278-99D2-45D9-8A4A-BFA0CF380461}.Release|Any CPU.ActiveCfg = Release|Any CPU
		{5220F278-99D2-45D9-8A4A-BFA0CF380461}.Release|Any CPU.Build.0 = Release|Any CPU
		{A5E0F71C-ADE4-4440-85EA-5EDDA4888127}.Debug|Any CPU.ActiveCfg = Debug|Any CPU
		{A5E0F71C-ADE4-4440-85EA-5EDDA4888127}.Debug|Any CPU.Build.0 = Debug|Any CPU
		{A5E0F71C-ADE4-4440-85EA-5EDDA4888127}.Release|Any CPU.ActiveCfg = Release|Any CPU
		{A5E0F71C-ADE4-4440-85EA-5EDDA4888127}.Release|Any CPU.Build.0 = Release|Any CPU
		{810CAFE8-30FE-4BB6-9DD3-C08310A7F5E7}.Debug|Any CPU.ActiveCfg = Debug|Any CPU
		{810CAFE8-30FE-4BB6-9DD3-C08310A7F5E7}.Debug|Any CPU.Build.0 = Debug|Any CPU
		{810CAFE8-30FE-4BB6-9DD3-C08310A7F5E7}.Release|Any CPU.ActiveCfg = Release|Any CPU
		{810CAFE8-30FE-4BB6-9DD3-C08310A7F5E7}.Release|Any CPU.Build.0 = Release|Any CPU
		{D803604D-63CC-4CDB-A77C-E5680AB2FA0B}.Debug|Any CPU.ActiveCfg = Debug|Any CPU
		{D803604D-63CC-4CDB-A77C-E5680AB2FA0B}.Debug|Any CPU.Build.0 = Debug|Any CPU
		{D803604D-63CC-4CDB-A77C-E5680AB2FA0B}.Release|Any CPU.ActiveCfg = Release|Any CPU
		{D803604D-63CC-4CDB-A77C-E5680AB2FA0B}.Release|Any CPU.Build.0 = Release|Any CPU
		{02F23353-C3F4-49AA-9B23-2F66FCDC4A1A}.Debug|Any CPU.ActiveCfg = Debug|Any CPU
		{02F23353-C3F4-49AA-9B23-2F66FCDC4A1A}.Debug|Any CPU.Build.0 = Debug|Any CPU
		{02F23353-C3F4-49AA-9B23-2F66FCDC4A1A}.Release|Any CPU.ActiveCfg = Release|Any CPU
		{02F23353-C3F4-49AA-9B23-2F66FCDC4A1A}.Release|Any CPU.Build.0 = Release|Any CPU
		{9FA96C91-0761-44F8-A22D-0E1CD06BDD33}.Debug|Any CPU.ActiveCfg = Debug|Any CPU
		{9FA96C91-0761-44F8-A22D-0E1CD06BDD33}.Debug|Any CPU.Build.0 = Debug|Any CPU
		{9FA96C91-0761-44F8-A22D-0E1CD06BDD33}.Release|Any CPU.ActiveCfg = Release|Any CPU
		{9FA96C91-0761-44F8-A22D-0E1CD06BDD33}.Release|Any CPU.Build.0 = Release|Any CPU
		{347E71CD-DBB0-4879-A107-D47E1CEE1B3C}.Debug|Any CPU.ActiveCfg = Debug|Any CPU
		{347E71CD-DBB0-4879-A107-D47E1CEE1B3C}.Debug|Any CPU.Build.0 = Debug|Any CPU
		{347E71CD-DBB0-4879-A107-D47E1CEE1B3C}.Release|Any CPU.ActiveCfg = Release|Any CPU
		{347E71CD-DBB0-4879-A107-D47E1CEE1B3C}.Release|Any CPU.Build.0 = Release|Any CPU
		{1D676B2F-1945-4358-9F00-7C6356DE40E6}.Debug|Any CPU.ActiveCfg = Debug|Any CPU
		{1D676B2F-1945-4358-9F00-7C6356DE40E6}.Debug|Any CPU.Build.0 = Debug|Any CPU
		{1D676B2F-1945-4358-9F00-7C6356DE40E6}.Release|Any CPU.ActiveCfg = Release|Any CPU
		{1D676B2F-1945-4358-9F00-7C6356DE40E6}.Release|Any CPU.Build.0 = Release|Any CPU
		{FFD5710E-B5D5-42DF-8CB5-0C5C9D3AD28D}.Debug|Any CPU.ActiveCfg = Debug|Any CPU
		{FFD5710E-B5D5-42DF-8CB5-0C5C9D3AD28D}.Debug|Any CPU.Build.0 = Debug|Any CPU
		{FFD5710E-B5D5-42DF-8CB5-0C5C9D3AD28D}.Release|Any CPU.ActiveCfg = Release|Any CPU
		{FFD5710E-B5D5-42DF-8CB5-0C5C9D3AD28D}.Release|Any CPU.Build.0 = Release|Any CPU
		{282489C2-A11D-40AD-AF54-90EF5810988F}.Debug|Any CPU.ActiveCfg = Debug|Any CPU
		{282489C2-A11D-40AD-AF54-90EF5810988F}.Debug|Any CPU.Build.0 = Debug|Any CPU
		{282489C2-A11D-40AD-AF54-90EF5810988F}.Release|Any CPU.ActiveCfg = Release|Any CPU
		{282489C2-A11D-40AD-AF54-90EF5810988F}.Release|Any CPU.Build.0 = Release|Any CPU
		{949ADD4F-14C3-4AD1-8FF4-BC5A6250502A}.Debug|Any CPU.ActiveCfg = Debug|Any CPU
		{949ADD4F-14C3-4AD1-8FF4-BC5A6250502A}.Debug|Any CPU.Build.0 = Debug|Any CPU
		{949ADD4F-14C3-4AD1-8FF4-BC5A6250502A}.Release|Any CPU.ActiveCfg = Release|Any CPU
		{949ADD4F-14C3-4AD1-8FF4-BC5A6250502A}.Release|Any CPU.Build.0 = Release|Any CPU
		{A46B64C7-F6AB-46D4-ABC3-E764757D0DE0}.Debug|Any CPU.ActiveCfg = Debug|Any CPU
		{A46B64C7-F6AB-46D4-ABC3-E764757D0DE0}.Debug|Any CPU.Build.0 = Debug|Any CPU
		{A46B64C7-F6AB-46D4-ABC3-E764757D0DE0}.Release|Any CPU.ActiveCfg = Release|Any CPU
		{A46B64C7-F6AB-46D4-ABC3-E764757D0DE0}.Release|Any CPU.Build.0 = Release|Any CPU
	EndGlobalSection
	GlobalSection(SolutionProperties) = preSolution
		HideSolutionNode = FALSE
	EndGlobalSection
	GlobalSection(ExtensibilityGlobals) = postSolution
		SolutionGuid = {50147C5D-8C5C-4B52-A647-F617DBB1BB4A}
	EndGlobalSection
EndGlobal
